# Generated by conda-lock.
# platform: linux-64
# input_hash: 1fd40f3419e5fff27031400929176e91222188f01427b94a467e83ce39283eee
@EXPLICIT
https://repo.anaconda.com/pkgs/main/linux-64/_libgcc_mutex-0.1-main.conda#c3473ff8bdb3d124ed5ff11ec380d6f9
https://repo.anaconda.com/pkgs/main/linux-64/blas-1.0-mkl.conda#9a7a051e9bd41da46523acb017d8a517
https://repo.anaconda.com/pkgs/main/linux-64/ca-certificates-2022.3.29-h06a4308_1.conda#87ff787a0dfa1209ca77c9dc7ef0d5fa
https://repo.anaconda.com/pkgs/main/linux-64/intel-openmp-2021.4.0-h06a4308_3561.conda#15d9e331499432d8e22935c1d3b5d2a1
https://repo.anaconda.com/pkgs/main/linux-64/ld_impl_linux-64-2.35.1-h7274673_9.conda#dec20f7c8f9d5f1b293abd97b0f518ed
https://repo.anaconda.com/pkgs/main/linux-64/libgfortran4-7.5.0-ha8ba4b0_17.conda#e3883581cbf0a98672250c3e80d292bf
https://repo.anaconda.com/pkgs/main/linux-64/libgfortran-ng-7.5.0-ha8ba4b0_17.conda#ecb35c8952579d5c8dc56c6e076ba948
https://repo.anaconda.com/pkgs/main/linux-64/libgomp-9.3.0-h5101ec6_17.conda#fb19b69bac6d819c7f3d1126b05461e1
https://repo.anaconda.com/pkgs/main/linux-64/libstdcxx-ng-9.3.0-hd4cf53a_17.conda#47744aca0f5e63c4672d117c3596d937
https://repo.anaconda.com/pkgs/main/linux-64/mkl-2021.4.0-h06a4308_640.conda#c9eee35aaa371ed39e4d8c0692f0e5bf
https://repo.anaconda.com/pkgs/main/linux-64/_openmp_mutex-4.5-1_gnu.tar.bz2#84414b0edb0a36bd7e25fc4936c1abb5
https://repo.anaconda.com/pkgs/main/linux-64/libgcc-ng-9.3.0-h5101ec6_17.conda#e9cbabbfb9e8a430f6a7660fe8dd77a7
https://repo.anaconda.com/pkgs/main/linux-64/brotli-1.0.9-he6710b0_2.conda#6513a2c97bd29ec2978d163c7e1f7932
https://repo.anaconda.com/pkgs/main/linux-64/expat-2.4.4-h295c915_0.conda#f9930c60940181cf06d0bd0b8095063c
https://repo.anaconda.com/pkgs/main/linux-64/giflib-5.2.1-h7b6447c_0.conda#c2583ad8de5051f19479580c58336f15
https://repo.anaconda.com/pkgs/main/linux-64/icu-58.2-he6710b0_3.conda#48cc14d5ad1a9bcd8dac17211a8deb8b
https://repo.anaconda.com/pkgs/main/linux-64/jpeg-9d-h7f8727e_0.conda#28bb4c75a1ef6e3d7100a383a6437318
https://repo.anaconda.com/pkgs/main/linux-64/libffi-3.3-he6710b0_2.conda#88a54b8f50e351c650e16f4ee781440c
https://repo.anaconda.com/pkgs/main/linux-64/libsodium-1.0.18-h7b6447c_0.conda#c8783b20f0e14bc1d701352c26c264d5
https://repo.anaconda.com/pkgs/main/linux-64/libuuid-1.0.3-h7f8727e_2.conda#6c4c9e96bfa4744d4839b9ed128e1114
https://repo.anaconda.com/pkgs/main/linux-64/libwebp-base-1.2.2-h7f8727e_0.conda#162451b4884cfc7db8400580c711e83a
https://repo.anaconda.com/pkgs/main/linux-64/libxcb-1.14-h7b6447c_0.conda#05811f2f9a9af28f3d7d665dca4d573e
https://repo.anaconda.com/pkgs/main/linux-64/lz4-c-1.9.3-h295c915_1.conda#d9bd18f73ff566e08add10a54a3463cf
https://repo.anaconda.com/pkgs/main/linux-64/ncurses-6.3-h7f8727e_2.conda#4edf660a09cc7adcb21120464b2a1783
https://repo.anaconda.com/pkgs/main/linux-64/openssl-1.1.1n-h7f8727e_0.conda#6a628baa5cc1c79c86026c21abfed46d
https://repo.anaconda.com/pkgs/main/linux-64/pcre-8.45-h295c915_0.conda#b32ccc24d1d9808618c1e898da60f68d
https://repo.anaconda.com/pkgs/main/linux-64/xz-5.2.5-h7b6447c_0.conda#73a16ea8ba890175a1ce94a3a87c8f68
https://repo.anaconda.com/pkgs/main/linux-64/zlib-1.2.12-h7f8727e_2.conda#4f4080e9939f082332cd8be7fedad087
https://repo.anaconda.com/pkgs/main/linux-64/glib-2.69.1-h4ff587b_1.conda#4c3eae7c0b8b1c8fb3046a0740313bbf
https://repo.anaconda.com/pkgs/main/linux-64/libpng-1.6.37-hbc83047_0.conda#689f903925dcf6c5ab7bc1de0f58b67b
https://repo.anaconda.com/pkgs/main/linux-64/libxml2-2.9.12-h03d6c58_0.conda#521d2ff23ffb87c5bf7e673ac780270b
https://repo.anaconda.com/pkgs/main/linux-64/readline-8.1.2-h7f8727e_1.conda#ea33f478fea12406f394944e7e4f3d20
https://repo.anaconda.com/pkgs/main/linux-64/tk-8.6.11-h1ccaba5_0.conda#3a4fa2ce7262dc3e8f082a7c25e7451c
https://repo.anaconda.com/pkgs/main/linux-64/zeromq-4.3.4-h2531618_0.conda#45ce422428d9c98f354aec4b5cbd1046
https://repo.anaconda.com/pkgs/main/linux-64/zstd-1.4.9-haebb681_0.conda#2e81424da35919b0f552b9e5ba0a37ba
https://repo.anaconda.com/pkgs/main/linux-64/dbus-1.13.18-hb2f20db_0.conda#6a6a6f1391f807847404344489ef6cf4
https://repo.anaconda.com/pkgs/main/linux-64/freetype-2.11.0-h70c0345_0.conda#b767874a6273e1058027cb2e300d00ac
https://repo.anaconda.com/pkgs/main/linux-64/gstreamer-1.14.0-h28cd5cc_2.conda#6af5d0cbd7310e1cd8a6a5c1c99649b2
https://repo.anaconda.com/pkgs/main/linux-64/libtiff-4.2.0-h85742a9_0.conda#a70887f6e46ea21d5e4e27685bd59ff9
https://repo.anaconda.com/pkgs/main/linux-64/sqlite-3.38.2-hc218d9a_0.conda#eb9f2708fc1162d01855c12c8156aecf
https://repo.anaconda.com/pkgs/main/linux-64/fontconfig-2.13.1-h6c09931_0.conda#fa04e89166d4b44326c6d76e2f708715
https://repo.anaconda.com/pkgs/main/linux-64/gst-plugins-base-1.14.0-h8213a91_2.conda#838648422452405b86699e780e293c1d
https://repo.anaconda.com/pkgs/main/linux-64/lcms2-2.12-h3be6417_0.conda#719db47afba9f6586eecb5eacac70bff
https://repo.anaconda.com/pkgs/main/linux-64/libwebp-1.2.2-h55f646e_0.conda#c9ed6bddefc09dbfc246301c3ce3ca14
https://repo.anaconda.com/pkgs/main/linux-64/python-3.8.13-h12debd9_0.conda#edc17980bae484b711e090f0a0cbbaef
https://repo.anaconda.com/pkgs/main/noarch/attrs-21.4.0-pyhd3eb1b0_0.conda#3bc977a57587a7964921e3e1e2e31f9e
https://repo.anaconda.com/pkgs/main/noarch/backcall-0.2.0-pyhd3eb1b0_0.tar.bz2#b2aa5503875aba2f1d88cae9df9a96d5
https://repo.anaconda.com/pkgs/main/linux-64/certifi-2021.10.8-py38h06a4308_2.conda#5b1b38defe6479dcc64df1bc4dfb587d
https://repo.anaconda.com/pkgs/main/noarch/cycler-0.11.0-pyhd3eb1b0_0.conda#f5e365d2cdb66d547eb8c3ab93843aab
https://repo.anaconda.com/pkgs/main/linux-64/debugpy-1.5.1-py38h295c915_0.conda#15761a758f4788b5e068c0b2288afab5
https://repo.anaconda.com/pkgs/main/noarch/decorator-5.1.1-pyhd3eb1b0_0.conda#4d969aac32a0faf84af90c797bfc7fec
https://repo.anaconda.com/pkgs/main/noarch/defusedxml-0.7.1-pyhd3eb1b0_0.conda#d912068b0729930972adcaac338882c0
https://repo.anaconda.com/pkgs/main/linux-64/entrypoints-0.4-py38h06a4308_0.conda#3cdf167326744187efd003c24ab77c99
https://repo.anaconda.com/pkgs/main/noarch/executing-0.8.3-pyhd3eb1b0_0.conda#7be61d1c3c555fb37682b28d7a53d622
https://repo.anaconda.com/pkgs/main/noarch/ipython_genutils-0.2.0-pyhd3eb1b0_1.conda#553832c0b872a28088a0001fa2ba3822
https://repo.anaconda.com/pkgs/main/noarch/joblib-1.1.0-pyhd3eb1b0_0.conda#cae25b839f3b24686e683addde01b742
https://repo.anaconda.com/pkgs/main/linux-64/kiwisolver-1.3.2-py38h295c915_0.conda#110dea482a589287f78324302f4b1c17
https://repo.anaconda.com/pkgs/main/linux-64/markupsafe-2.0.1-py38h27cfd23_0.conda#50dcb2135a5ded2e9f60a74bf5093e58
https://repo.anaconda.com/pkgs/main/linux-64/mistune-0.8.4-py38h7b6447c_1000.conda#5b985f581fab6e8aff8157976b0868a9
https://repo.anaconda.com/pkgs/main/noarch/munkres-1.1.4-py_0.conda#148362ba07f92abab76999a680c80084
https://repo.anaconda.com/pkgs/main/linux-64/nest-asyncio-1.5.5-py38h06a4308_0.conda#bbf9623dd1f0b2d8091f8b5a6eb63da5
https://repo.anaconda.com/pkgs/main/noarch/pandocfilters-1.5.0-pyhd3eb1b0_0.conda#5547ced9e3bb4c513405998957b52c7b
https://repo.anaconda.com/pkgs/main/noarch/parso-0.8.3-pyhd3eb1b0_0.conda#c6f0f6219bf5ce2b510ef4b75cbc3e01
https://repo.anaconda.com/pkgs/main/noarch/pickleshare-0.7.5-pyhd3eb1b0_1003.conda#4a6363fd8dda664b95f99f7c5aa95abc
https://repo.anaconda.com/pkgs/main/linux-64/pillow-9.0.1-py38h22f2fdc_0.conda#13c7b8b727dc6af99e9f6d75b3ec18f3
https://repo.anaconda.com/pkgs/main/noarch/prometheus_client-0.13.1-pyhd3eb1b0_0.conda#05275f89084c4ce7f9b0bc1e258b3e9e
https://repo.anaconda.com/pkgs/main/noarch/ptyprocess-0.7.0-pyhd3eb1b0_2.conda#7441d2827d4bfbcc1fa308875a146246
https://repo.anaconda.com/pkgs/main/noarch/pure_eval-0.2.2-pyhd3eb1b0_0.conda#a87d6d9827e5dff68d34d69971f8a9b1
https://repo.anaconda.com/pkgs/main/noarch/pycparser-2.21-pyhd3eb1b0_0.conda#135a72ff2a31150a3a3ff0b1edd41ca9
https://repo.anaconda.com/pkgs/main/noarch/pygments-2.11.2-pyhd3eb1b0_0.conda#eff55c770961f459a734cf86768aac98
https://repo.anaconda.com/pkgs/main/noarch/pyparsing-3.0.4-pyhd3eb1b0_0.conda#6bca2ae9c9aae9ccdebcb8cf2aa87cb3
https://repo.anaconda.com/pkgs/main/linux-64/pyrsistent-0.18.0-py38heee7806_0.conda#d350240d35e34c9e250cbb1b9aa6460b
https://repo.anaconda.com/pkgs/main/noarch/python-fastjsonschema-2.15.1-pyhd3eb1b0_0.conda#ad1b2f7b33a45d0d68979ca2ad84b6a9
https://repo.anaconda.com/pkgs/main/noarch/pytz-2021.3-pyhd3eb1b0_0.conda#76415b791ffd2007687ac5f0665aa7af
https://repo.anaconda.com/pkgs/main/linux-64/pyzmq-22.3.0-py38h295c915_2.conda#4b7508c58d9552487e5730f55c5cd5ac
https://repo.anaconda.com/pkgs/main/linux-64/qt-5.9.7-h5867ecd_1.conda#05507dbc35c46ac5a7066fc860a62341
https://repo.anaconda.com/pkgs/main/noarch/send2trash-1.8.0-pyhd3eb1b0_1.conda#bfa3c5c61a5a91e528a1d2d1e3cae6c9
https://repo.anaconda.com/pkgs/main/linux-64/sip-4.19.13-py38h295c915_0.conda#2046e66b7d12f7c0cda5687e4c27b692
https://repo.anaconda.com/pkgs/main/noarch/six-1.16.0-pyhd3eb1b0_1.conda#34586824d411d36af2fa40e799c172d0
https://repo.anaconda.com/pkgs/main/noarch/soupsieve-2.3.1-pyhd3eb1b0_0.conda#4794d40136a3432a241ff1454d2ac99c
https://repo.anaconda.com/pkgs/main/noarch/testpath-0.5.0-pyhd3eb1b0_0.conda#bd2a5c664c982e8637ae17b1662bd9a4
https://repo.anaconda.com/pkgs/main/noarch/threadpoolctl-2.2.0-pyh0d69192_0.conda#bbfdbae4934150b902f97daaf287efe2
https://repo.anaconda.com/pkgs/main/linux-64/tornado-6.1-py38h27cfd23_0.conda#d2d3043f631807af72b0fde504baf625
https://repo.anaconda.com/pkgs/main/noarch/traitlets-5.1.1-pyhd3eb1b0_0.conda#675f60e84f695e63749b09f9ed464eda
https://repo.anaconda.com/pkgs/main/noarch/typing_extensions-4.1.1-pyh06a4308_0.conda#8d4303f11560fe9621c962e87cf64d27
https://repo.anaconda.com/pkgs/main/noarch/wcwidth-0.2.5-pyhd3eb1b0_0.conda#ffa649340272c3f6466ba01da254c3b0
https://repo.anaconda.com/pkgs/main/linux-64/webencodings-0.5.1-py38_1.conda#5c9a80af48919815917612e58474a391
https://repo.anaconda.com/pkgs/main/noarch/zipp-3.7.0-pyhd3eb1b0_0.conda#2ca2fb4e2d7eda52b0b16f4431d66b64
https://repo.anaconda.com/pkgs/main/noarch/asttokens-2.0.5-pyhd3eb1b0_0.conda#140486e2ce4f3931b44aa5f7ff8d88da
https://repo.anaconda.com/pkgs/main/linux-64/beautifulsoup4-4.11.1-py38h06a4308_0.conda#3ee5227b070777715545dd8a9e66de17
https://repo.anaconda.com/pkgs/main/linux-64/cffi-1.15.0-py38hd667e15_1.conda#7b12fe728b28de7b8851af1eb1ba1d38
https://repo.anaconda.com/pkgs/main/noarch/fonttools-4.25.0-pyhd3eb1b0_0.conda#bb9c5b5a6d892fca5efe4bf0203b6a48
https://repo.anaconda.com/pkgs/main/noarch/importlib_resources-5.2.0-pyhd3eb1b0_1.conda#3e7caf9dbd3b4771e9b951ffc7cdad80
https://repo.anaconda.com/pkgs/main/linux-64/jedi-0.18.1-py38h06a4308_1.conda#d3629035a1f2c61553814cc20fa2ec11
https://repo.anaconda.com/pkgs/main/noarch/jinja2-3.0.3-pyhd3eb1b0_0.conda#a5b0429ead9704cd1ad0b044c97e728f
https://repo.anaconda.com/pkgs/main/linux-64/jupyter_core-4.9.2-py38h06a4308_0.conda#d0d0cb3c0859bd1555c1cb07b9485012
https://repo.anaconda.com/pkgs/main/noarch/jupyterlab_pygments-0.1.2-py_0.conda#af46aff4922ca45df6ba19b313df6070
https://repo.anaconda.com/pkgs/main/noarch/matplotlib-inline-0.1.2-pyhd3eb1b0_2.conda#47e865f8b884de7c5d516349e83457a7
https://repo.anaconda.com/pkgs/main/linux-64/mkl-service-2.4.0-py38h7f8727e_0.conda#d44a183b4c54b461a8fa24805c53179a
https://repo.anaconda.com/pkgs/main/noarch/packaging-21.3-pyhd3eb1b0_0.conda#07bbfbb961db7fa329cc42716943ea62
https://repo.anaconda.com/pkgs/main/noarch/pexpect-4.8.0-pyhd3eb1b0_3.conda#765b2562d6cdd14bb6d44fc170a04331
https://repo.anaconda.com/pkgs/main/noarch/prompt-toolkit-3.0.20-pyhd3eb1b0_0.conda#19fa1fa6a03645e39e7dce3bdbe9d72f
https://repo.anaconda.com/pkgs/main/linux-64/pyqt-5.9.2-py38h05f1152_4.conda#d3e6b8e1a634125414f87f231c755dae
https://repo.anaconda.com/pkgs/main/noarch/python-dateutil-2.8.2-pyhd3eb1b0_0.conda#211ee00320b08a1ac9fea6677649f6c9
https://repo.anaconda.com/pkgs/main/linux-64/setuptools-61.2.0-py38h06a4308_0.conda#c5e94bc1e8e443ae6d53b191a351591e
https://repo.anaconda.com/pkgs/main/linux-64/terminado-0.13.1-py38h06a4308_0.conda#3fc07a4bdf64fbf00766564f1aaa5618
https://repo.anaconda.com/pkgs/main/noarch/typing-extensions-4.1.1-hd3eb1b0_0.conda#0b535dfd0618653dd772c78c9c2b56a8
https://repo.anaconda.com/pkgs/main/linux-64/argon2-cffi-bindings-21.2.0-py38h7f8727e_0.conda#933eaa8ad180b8fb3b0e2ca36fb6954e
https://repo.anaconda.com/pkgs/main/noarch/bleach-4.1.0-pyhd3eb1b0_0.conda#256eb7e384e35f993ef8ccd6c4f45e58
https://repo.anaconda.com/pkgs/main/linux-64/jsonschema-4.4.0-py38h06a4308_0.conda#877ad2da45101c06e0e779df2abcaf30
https://repo.anaconda.com/pkgs/main/linux-64/jupyter_client-7.2.2-py38h06a4308_0.conda#6252e586fe1056d82d0cdeac2f46fec1
https://repo.anaconda.com/pkgs/main/linux-64/numpy-base-1.21.5-py38hf524024_1.conda#39d018ce248ad9b3c04142f155f4af2d
https://repo.anaconda.com/pkgs/main/noarch/stack_data-0.2.0-pyhd3eb1b0_0.conda#6212968e73726f6da42e5ffcd2bea92d
https://repo.anaconda.com/pkgs/main/noarch/argon2-cffi-21.3.0-pyhd3eb1b0_0.conda#f00b851bc61b4c313903d31c7daecb09
https://repo.anaconda.com/pkgs/main/linux-64/ipython-8.2.0-py38h06a4308_0.conda#26fc7f55c753c9718016bdda0e3a60d9
https://repo.anaconda.com/pkgs/main/linux-64/nbformat-5.3.0-py38h06a4308_0.conda#a9c19f2c0244559b292acc2ce458e871
https://repo.anaconda.com/pkgs/main/linux-64/ipykernel-6.9.1-py38h06a4308_0.conda#64a5bfbc32f1e68b0eda430a1e3e2c11
https://repo.anaconda.com/pkgs/main/linux-64/nbclient-0.5.13-py38h06a4308_0.conda#a0606d4de8c491a8381e72f7925000ca
https://repo.anaconda.com/pkgs/main/linux-64/nbconvert-6.4.4-py38h06a4308_0.conda#122395fc219e8e260db643cf1b8941b5
https://repo.anaconda.com/pkgs/main/linux-64/notebook-6.4.8-py38h06a4308_0.conda#606fa21d2b403e0f7ad729242d22deb6
https://repo.anaconda.com/pkgs/main/linux-64/bottleneck-1.3.4-py38hce1f21e_0.conda#9ca7b8cff6a7f97cd2395f20dd46bc90
https://repo.anaconda.com/pkgs/main/linux-64/matplotlib-3.5.1-py38h06a4308_1.conda#d7a15b57f9ba4a2bad00be3fbda25206
https://repo.anaconda.com/pkgs/main/linux-64/matplotlib-base-3.5.1-py38ha18d171_1.conda#61037444fe5aef294f20fadac4204392
https://repo.anaconda.com/pkgs/main/linux-64/mkl_fft-1.3.1-py38hd3c417c_0.conda#f0cb7b8e06ed6eef75a1ba9c01a4550c
https://repo.anaconda.com/pkgs/main/linux-64/mkl_random-1.2.2-py38h51133e4_0.conda#1e3b7251e474e099a4bfd672fdca17d8
https://repo.anaconda.com/pkgs/main/linux-64/numpy-1.21.5-py38he7a7128_1.conda#9e411b9aef044e9f3b1b0719699118cc
https://repo.anaconda.com/pkgs/main/linux-64/numexpr-2.8.1-py38h6abb31d_0.conda#eb930a390cae19b698b6ca2c1da8f74b
https://repo.anaconda.com/pkgs/main/linux-64/scipy-1.7.3-py38hc147768_0.conda#3822cf4fb66ede852afd4084ac10cfa6
https://repo.anaconda.com/pkgs/main/linux-64/pandas-1.4.2-py38h295c915_0.conda#d7b47268902a9d1145351c377de60633
https://repo.anaconda.com/pkgs/main/linux-64/scikit-learn-1.0.2-py38h51133e4_1.conda#7b77e6b64608ce271d09a48e4b4126a9
https://repo.anaconda.com/pkgs/main/noarch/seaborn-0.11.2-pyhd3eb1b0_0.conda#36b64fb4e3b76ded59d6388c9582de69
