# Generated by conda-lock.
# platform: osx-arm64
# input_hash: 2229d74f6b94cf31e8c177ea323fa12000b50abb847b190b62728b04927929b1
@EXPLICIT
https://repo.anaconda.com/pkgs/main/osx-arm64/blas-1.0-openblas.conda#082557147829a904fa986cb86dd1e45a
https://repo.anaconda.com/pkgs/main/osx-arm64/ca-certificates-2022.3.29-hca03da5_1.conda#0c8cb9c3d2d756402acf5f1578246776
https://repo.anaconda.com/pkgs/main/osx-arm64/giflib-5.2.1-h1a28f6b_0.conda#0c69cf75c978e0f99478d6177d39fde0
https://repo.anaconda.com/pkgs/main/osx-arm64/jpeg-9d-h1a28f6b_0.conda#6fdeec4c3b8973901b79c186e60055f4
https://repo.anaconda.com/pkgs/main/osx-arm64/libcxx-12.0.0-hf6beb65_1.conda#2667a7b81d580c65fe4b9f13d9c85ee7
https://repo.anaconda.com/pkgs/main/osx-arm64/libsodium-1.0.18-h1a28f6b_0.conda#c3872d57624b5db1397b5381fa26743b
https://repo.anaconda.com/pkgs/main/osx-arm64/libwebp-base-1.2.2-h1a28f6b_0.conda#0f696141484b5067bf9984cda3b20506
https://repo.anaconda.com/pkgs/main/osx-arm64/llvm-openmp-12.0.0-haf9daa7_1.conda#ec2a3f1c03dc523f89b4f65d9b4332e6
https://repo.anaconda.com/pkgs/main/osx-arm64/ncurses-6.3-h1a28f6b_2.conda#8f1f29f80a022636e2b3d847dc3fee08
https://repo.anaconda.com/pkgs/main/osx-arm64/xz-5.2.5-h1a28f6b_0.conda#70b7c59e45f881d94f6af8aba854ecb9
https://repo.anaconda.com/pkgs/main/osx-arm64/zlib-1.2.12-h5a0b063_2.conda#5a9ad84c3e0002fbe11ae0c0ac3c776f
https://repo.anaconda.com/pkgs/main/osx-arm64/brotli-1.0.7-hc377ac9_0.conda#a56e718dc311e282e2760a52ac9a6864
https://repo.anaconda.com/pkgs/main/osx-arm64/libffi-3.4.2-hc377ac9_2.conda#2c790c6f3dbb9a08d5c24fff3cf1dbae
https://repo.anaconda.com/pkgs/main/osx-arm64/libgfortran5-11.1.0-h6a59814_26.conda#290782ff43d0fac664c36be291cab7e4
https://repo.anaconda.com/pkgs/main/osx-arm64/libpng-1.6.37-hb8d0fd4_0.conda#84b3120e66271215ffead93ec6e4e3a1
https://repo.anaconda.com/pkgs/main/osx-arm64/lz4-c-1.9.3-hc377ac9_0.conda#d1a435a8188c012df70b31a38747df80
https://repo.anaconda.com/pkgs/main/osx-arm64/openssl-1.1.1n-h1a28f6b_0.conda#1d9f27b3cf7367b668180026df1dd226
https://repo.anaconda.com/pkgs/main/osx-arm64/readline-8.1.2-h1a28f6b_1.conda#0cd650e3e84935b6ebeae607057ffafd
https://repo.anaconda.com/pkgs/main/osx-arm64/tk-8.6.11-hb8d0fd4_0.conda#12e36153944a951afd18df86b29cb65e
https://repo.anaconda.com/pkgs/main/osx-arm64/zeromq-4.3.4-hc377ac9_0.conda#a7639e00305a8b8bb62ee68bca9512de
https://repo.anaconda.com/pkgs/main/osx-arm64/freetype-2.11.0-h1192e45_0.conda#dcfc30ec7d96490c120a3e7df32c754e
https://repo.anaconda.com/pkgs/main/osx-arm64/libgfortran-5.0.0-11_1_0_h6a59814_26.conda#e352a1cee77e942cd5ba00ded4a79e08
https://repo.anaconda.com/pkgs/main/osx-arm64/sqlite-3.38.2-h1058600_0.conda#06d15a3ed414daef97b1746e55c0ca52
https://repo.anaconda.com/pkgs/main/osx-arm64/zstd-1.4.9-h8574219_1.conda#cb1b5075bc18c69443c78b1c3a982f35
https://repo.anaconda.com/pkgs/main/osx-arm64/libopenblas-0.3.18-hea475bc_0.conda#3cd0aa8b1bb823f00d4c800e8f4021d3
https://repo.anaconda.com/pkgs/main/osx-arm64/libtiff-4.2.0-h11e2f9f_0.conda#5c0c869ced6206e0c42dbe203b20f3b8
https://repo.anaconda.com/pkgs/main/osx-arm64/python-3.8.13-hbdb9e5c_0.conda#393886f7e6f2096ccf8bb651d38a6022
https://repo.anaconda.com/pkgs/main/osx-arm64/appnope-0.1.2-py38hca03da5_1001.conda#0030fb48291cb485c7ede562dfe95445
https://repo.anaconda.com/pkgs/main/noarch/attrs-21.4.0-pyhd3eb1b0_0.conda#3bc977a57587a7964921e3e1e2e31f9e
https://repo.anaconda.com/pkgs/main/noarch/backcall-0.2.0-pyhd3eb1b0_0.tar.bz2#b2aa5503875aba2f1d88cae9df9a96d5
https://repo.anaconda.com/pkgs/main/osx-arm64/certifi-2021.10.8-py38hca03da5_2.conda#78140da39958b536e4a1a4c84bb7456c
https://repo.anaconda.com/pkgs/main/noarch/cycler-0.11.0-pyhd3eb1b0_0.conda#f5e365d2cdb66d547eb8c3ab93843aab
https://repo.anaconda.com/pkgs/main/osx-arm64/debugpy-1.5.1-py38hc377ac9_0.conda#4f17b633110c9f6a76003d7d935ef5bb
https://repo.anaconda.com/pkgs/main/noarch/decorator-5.1.1-pyhd3eb1b0_0.conda#4d969aac32a0faf84af90c797bfc7fec
https://repo.anaconda.com/pkgs/main/noarch/defusedxml-0.7.1-pyhd3eb1b0_0.conda#d912068b0729930972adcaac338882c0
https://repo.anaconda.com/pkgs/main/osx-arm64/entrypoints-0.4-py38hca03da5_0.conda#38da92c3be9191d0e949b8f3ea3fe71f
https://repo.anaconda.com/pkgs/main/noarch/executing-0.8.3-pyhd3eb1b0_0.conda#7be61d1c3c555fb37682b28d7a53d622
https://repo.anaconda.com/pkgs/main/noarch/ipython_genutils-0.2.0-pyhd3eb1b0_1.conda#553832c0b872a28088a0001fa2ba3822
https://repo.anaconda.com/pkgs/main/noarch/joblib-1.1.0-pyhd3eb1b0_0.conda#cae25b839f3b24686e683addde01b742
https://repo.anaconda.com/pkgs/main/osx-arm64/kiwisolver-1.3.2-py38hc377ac9_0.conda#541c39a94a95c805681948ec87fe20c2
https://repo.anaconda.com/pkgs/main/osx-arm64/lcms2-2.12-hba8e193_0.conda#455b7d3e933a8ef33b887846693619a7
https://repo.anaconda.com/pkgs/main/osx-arm64/libwebp-1.2.2-h68602c7_0.conda#45997b1e9b5d0fae854197a10a01d284
https://repo.anaconda.com/pkgs/main/osx-arm64/markupsafe-2.0.1-py38h1a28f6b_0.conda#2a9d22fac6fa69635ba6f7edd1ffecb9
https://repo.anaconda.com/pkgs/main/osx-arm64/mistune-0.8.4-py38h1a28f6b_1000.conda#a10b37a50f0baeb1877c45b50986c1d4
https://repo.anaconda.com/pkgs/main/noarch/munkres-1.1.4-py_0.conda#148362ba07f92abab76999a680c80084
https://repo.anaconda.com/pkgs/main/osx-arm64/nest-asyncio-1.5.5-py38hca03da5_0.conda#99dd2b14abff68250da2c1130fb610ec
https://repo.anaconda.com/pkgs/main/osx-arm64/numpy-base-1.21.5-py38h974a1f5_1.conda#90e5a67b4947f3dfd548da1118986714
https://repo.anaconda.com/pkgs/main/noarch/pandocfilters-1.5.0-pyhd3eb1b0_0.conda#5547ced9e3bb4c513405998957b52c7b
https://repo.anaconda.com/pkgs/main/noarch/parso-0.8.3-pyhd3eb1b0_0.conda#c6f0f6219bf5ce2b510ef4b75cbc3e01
https://repo.anaconda.com/pkgs/main/noarch/pickleshare-0.7.5-pyhd3eb1b0_1003.conda#4a6363fd8dda664b95f99f7c5aa95abc
https://repo.anaconda.com/pkgs/main/noarch/prometheus_client-0.13.1-pyhd3eb1b0_0.conda#05275f89084c4ce7f9b0bc1e258b3e9e
https://repo.anaconda.com/pkgs/main/noarch/ptyprocess-0.7.0-pyhd3eb1b0_2.conda#7441d2827d4bfbcc1fa308875a146246
https://repo.anaconda.com/pkgs/main/noarch/pure_eval-0.2.2-pyhd3eb1b0_0.conda#a87d6d9827e5dff68d34d69971f8a9b1
https://repo.anaconda.com/pkgs/main/noarch/pycparser-2.21-pyhd3eb1b0_0.conda#135a72ff2a31150a3a3ff0b1edd41ca9
https://repo.anaconda.com/pkgs/main/noarch/pygments-2.11.2-pyhd3eb1b0_0.conda#eff55c770961f459a734cf86768aac98
https://repo.anaconda.com/pkgs/main/noarch/pyparsing-3.0.4-pyhd3eb1b0_0.conda#6bca2ae9c9aae9ccdebcb8cf2aa87cb3
https://repo.anaconda.com/pkgs/main/osx-arm64/pyrsistent-0.18.0-py38h1a28f6b_0.conda#deed5c8f8484697ccabc8c2bd9643efc
https://repo.anaconda.com/pkgs/main/noarch/python-fastjsonschema-2.15.1-pyhd3eb1b0_0.conda#ad1b2f7b33a45d0d68979ca2ad84b6a9
https://repo.anaconda.com/pkgs/main/noarch/pytz-2021.3-pyhd3eb1b0_0.conda#76415b791ffd2007687ac5f0665aa7af
https://repo.anaconda.com/pkgs/main/osx-arm64/pyzmq-22.3.0-py38hc377ac9_2.conda#8cddf28fd68ddcfeb116320de1bc92c1
https://repo.anaconda.com/pkgs/main/noarch/send2trash-1.8.0-pyhd3eb1b0_1.conda#bfa3c5c61a5a91e528a1d2d1e3cae6c9
https://repo.anaconda.com/pkgs/main/noarch/six-1.16.0-pyhd3eb1b0_1.conda#34586824d411d36af2fa40e799c172d0
https://repo.anaconda.com/pkgs/main/noarch/soupsieve-2.3.1-pyhd3eb1b0_0.conda#4794d40136a3432a241ff1454d2ac99c
https://repo.anaconda.com/pkgs/main/noarch/testpath-0.5.0-pyhd3eb1b0_0.conda#bd2a5c664c982e8637ae17b1662bd9a4
https://repo.anaconda.com/pkgs/main/noarch/threadpoolctl-2.2.0-pyh0d69192_0.conda#bbfdbae4934150b902f97daaf287efe2
https://repo.anaconda.com/pkgs/main/osx-arm64/tornado-6.1-py38h1a28f6b_0.conda#1a44d6470f1d87f6c064a123ca98b7a8
https://repo.anaconda.com/pkgs/main/noarch/traitlets-5.1.1-pyhd3eb1b0_0.conda#675f60e84f695e63749b09f9ed464eda
https://repo.anaconda.com/pkgs/main/noarch/typing_extensions-4.1.1-pyh06a4308_0.conda#8d4303f11560fe9621c962e87cf64d27
https://repo.anaconda.com/pkgs/main/noarch/wcwidth-0.2.5-pyhd3eb1b0_0.conda#ffa649340272c3f6466ba01da254c3b0
https://repo.anaconda.com/pkgs/main/osx-arm64/webencodings-0.5.1-py38hca03da5_1.conda#fd097014d3bf82bc99db711f940ed8e5
https://repo.anaconda.com/pkgs/main/noarch/zipp-3.7.0-pyhd3eb1b0_0.conda#2ca2fb4e2d7eda52b0b16f4431d66b64
https://repo.anaconda.com/pkgs/main/noarch/asttokens-2.0.5-pyhd3eb1b0_0.conda#140486e2ce4f3931b44aa5f7ff8d88da
https://repo.anaconda.com/pkgs/main/osx-arm64/beautifulsoup4-4.11.1-py38hca03da5_0.conda#5f3c039384021cdbaafe0bcd790fe338
https://repo.anaconda.com/pkgs/main/osx-arm64/cffi-1.15.0-py38h22df2f2_1.conda#ec6fbe487264be42622f35d96f6d179b
https://repo.anaconda.com/pkgs/main/noarch/fonttools-4.25.0-pyhd3eb1b0_0.conda#bb9c5b5a6d892fca5efe4bf0203b6a48
https://repo.anaconda.com/pkgs/main/noarch/importlib_resources-5.2.0-pyhd3eb1b0_1.conda#3e7caf9dbd3b4771e9b951ffc7cdad80
https://repo.anaconda.com/pkgs/main/osx-arm64/jedi-0.18.1-py38hca03da5_1.conda#349a285fe68e56845efa9cdb68941ebf
https://repo.anaconda.com/pkgs/main/noarch/jinja2-3.0.3-pyhd3eb1b0_0.conda#a5b0429ead9704cd1ad0b044c97e728f
https://repo.anaconda.com/pkgs/main/osx-arm64/jupyter_core-4.9.2-py38hca03da5_0.conda#e2e162c1d5edb0a2668c239c267126ea
https://repo.anaconda.com/pkgs/main/noarch/jupyterlab_pygments-0.1.2-py_0.conda#af46aff4922ca45df6ba19b313df6070
https://repo.anaconda.com/pkgs/main/noarch/matplotlib-inline-0.1.2-pyhd3eb1b0_2.conda#47e865f8b884de7c5d516349e83457a7
https://repo.anaconda.com/pkgs/main/osx-arm64/numpy-1.21.5-py38h25ab29e_1.conda#3d588b32dbb060283aea6125cb0a03f3
https://repo.anaconda.com/pkgs/main/noarch/packaging-21.3-pyhd3eb1b0_0.conda#07bbfbb961db7fa329cc42716943ea62
https://repo.anaconda.com/pkgs/main/noarch/pexpect-4.8.0-pyhd3eb1b0_3.conda#765b2562d6cdd14bb6d44fc170a04331
https://repo.anaconda.com/pkgs/main/osx-arm64/pillow-9.0.1-py38h4d1bdd5_0.conda#a977966c4f9712ab48c4ebc27db03b1a
https://repo.anaconda.com/pkgs/main/noarch/prompt-toolkit-3.0.20-pyhd3eb1b0_0.conda#19fa1fa6a03645e39e7dce3bdbe9d72f
https://repo.anaconda.com/pkgs/main/noarch/python-dateutil-2.8.2-pyhd3eb1b0_0.conda#211ee00320b08a1ac9fea6677649f6c9
https://repo.anaconda.com/pkgs/main/osx-arm64/setuptools-61.2.0-py38hca03da5_0.conda#0fcfcc9f556216fa294d00804f85273d
https://repo.anaconda.com/pkgs/main/osx-arm64/terminado-0.13.1-py38hca03da5_0.conda#cdc547858fd979dd5625e792bcd3ea08
https://repo.anaconda.com/pkgs/main/noarch/typing-extensions-4.1.1-hd3eb1b0_0.conda#0b535dfd0618653dd772c78c9c2b56a8
https://repo.anaconda.com/pkgs/main/osx-arm64/argon2-cffi-bindings-21.2.0-py38h1a28f6b_0.conda#227797a63d26d4d83e8ff32e81251b2c
https://repo.anaconda.com/pkgs/main/noarch/bleach-4.1.0-pyhd3eb1b0_0.conda#256eb7e384e35f993ef8ccd6c4f45e58
https://repo.anaconda.com/pkgs/main/osx-arm64/bottleneck-1.3.4-py38heec5a64_0.conda#8b1d9b4e06e76e2ca541b1eb00cc1060
https://repo.anaconda.com/pkgs/main/osx-arm64/jsonschema-4.4.0-py38hca03da5_0.conda#e19c0350ba25159da2b734ea8c9f4f99
https://repo.anaconda.com/pkgs/main/osx-arm64/jupyter_client-7.2.2-py38hca03da5_0.conda#ea73408875aaaa6bcba5aef4bcaa71c6
https://repo.anaconda.com/pkgs/main/osx-arm64/matplotlib-base-3.5.1-py38hc377ac9_1.conda#0b0fbfa660cc75bf5fad010aa78e5e12
https://repo.anaconda.com/pkgs/main/osx-arm64/numexpr-2.8.1-py38h144ceef_0.conda#82b1ae87b57bd88fcf16a5872c633b50
https://repo.anaconda.com/pkgs/main/osx-arm64/scipy-1.7.3-py38h2f0f56f_0.conda#f19dbc0542660c4f2a39221d8d6a5ce4
https://repo.anaconda.com/pkgs/main/noarch/stack_data-0.2.0-pyhd3eb1b0_0.conda#6212968e73726f6da42e5ffcd2bea92d
https://repo.anaconda.com/pkgs/main/noarch/argon2-cffi-21.3.0-pyhd3eb1b0_0.conda#f00b851bc61b4c313903d31c7daecb09
https://repo.anaconda.com/pkgs/main/osx-arm64/ipython-8.2.0-py38hca03da5_0.conda#a7a8e53b197757e237f272f54a2ddecf
https://repo.anaconda.com/pkgs/main/osx-arm64/matplotlib-3.5.1-py38hca03da5_1.conda#1187ca262c6c166701e5aef05a193971
https://repo.anaconda.com/pkgs/main/osx-arm64/nbformat-5.3.0-py38hca03da5_0.conda#4b884babe99961fc792847c7d4686ece
https://repo.anaconda.com/pkgs/main/osx-arm64/pandas-1.4.2-py38hc377ac9_0.conda#ceab32847e0bbbf861c0d1ec400c6345
https://repo.anaconda.com/pkgs/main/osx-arm64/scikit-learn-1.0.2-py38h9197a36_1.conda#552678b69abc5b68ffb47ba412cabb6d
https://repo.anaconda.com/pkgs/main/osx-arm64/ipykernel-6.9.1-py38hca03da5_0.conda#82559882557e2094f4480304362137cc
https://repo.anaconda.com/pkgs/main/osx-arm64/nbclient-0.5.13-py38hca03da5_0.conda#09a618d4ec6132a90c3a243729407597
https://repo.anaconda.com/pkgs/main/noarch/seaborn-0.11.2-pyhd3eb1b0_0.conda#36b64fb4e3b76ded59d6388c9582de69
https://repo.anaconda.com/pkgs/main/osx-arm64/nbconvert-6.4.4-py38hca03da5_0.conda#55d974d1bf36a104712b823a5dc1fcac
https://repo.anaconda.com/pkgs/main/osx-arm64/notebook-6.4.8-py38hca03da5_0.conda#dd1c3a1a1efdbb5f40f19e77ddedf2ac
