# Generated by conda-lock.
# platform: osx-arm64
# input_hash: f2fbfc708f1749556b3208346ac7d3afab993e168013b7ae6511061b0d24a1ac
@EXPLICIT
https://repo.anaconda.com/pkgs/main/osx-arm64/blas-1.0-openblas.conda#082557147829a904fa986cb86dd1e45a
https://repo.anaconda.com/pkgs/main/osx-arm64/ca-certificates-2022.10.11-hca03da5_0.conda#736a16676217541befa4c53fbd8938fd
https://repo.anaconda.com/pkgs/main/osx-arm64/fftw-3.3.9-h1a28f6b_1.conda#e9dfc5333a38ffcbee67f599e21617fc
https://repo.anaconda.com/pkgs/main/osx-arm64/giflib-5.2.1-h1a28f6b_0.conda#0c69cf75c978e0f99478d6177d39fde0
https://repo.anaconda.com/pkgs/main/osx-arm64/jpeg-9e-h1a28f6b_0.conda#2f9e1e5afec2db50ea32369a4576da1c
https://repo.anaconda.com/pkgs/main/osx-arm64/libbrotlicommon-1.0.9-h1a28f6b_7.conda#9a5cb70f20eb4cc35e37a419f83ae385
https://repo.anaconda.com/pkgs/main/osx-arm64/libcxx-14.0.6-h848a8c0_0.conda#7e7407793c757ee8f5b8d7c2e3b9e9ab
https://repo.anaconda.com/pkgs/main/osx-arm64/libdeflate-1.8-h1a28f6b_5.conda#b57c6939595a9d8e8f862478627c9332
https://repo.anaconda.com/pkgs/main/osx-arm64/libffi-3.4.2-hca03da5_6.conda#3f6a38442ba0fd3d273dc9127a761272
https://repo.anaconda.com/pkgs/main/osx-arm64/libiconv-1.16-h1a28f6b_2.conda#0cb77f51b777a6bf8271aea913ba1bdc
https://repo.anaconda.com/pkgs/main/osx-arm64/libsodium-1.0.18-h1a28f6b_0.conda#c3872d57624b5db1397b5381fa26743b
https://repo.anaconda.com/pkgs/main/osx-arm64/libwebp-base-1.2.4-h1a28f6b_0.conda#aac2a14f2581e557b32bbfd701001a0a
https://repo.anaconda.com/pkgs/main/osx-arm64/llvm-openmp-14.0.6-hc6e5704_0.conda#a2b4668f6d54435752cbef2a27ed10d1
https://repo.anaconda.com/pkgs/main/osx-arm64/ncurses-6.3-h1a28f6b_3.conda#7713dda3580e70aa3f474b131be52f20
https://repo.anaconda.com/pkgs/main/osx-arm64/xz-5.2.8-h80987f9_0.conda#1f19e2aef4e87037ce744d81c10b7c28
https://repo.anaconda.com/pkgs/main/osx-arm64/zlib-1.2.13-h5a0b063_0.conda#f37216c0dea34741707510529ef366bf
https://repo.anaconda.com/pkgs/main/osx-arm64/icu-68.1-hc377ac9_0.conda#14b4f572bb7dc8dde22a03057570cff2
https://repo.anaconda.com/pkgs/main/osx-arm64/lerc-3.0-hc377ac9_0.conda#3d4bcf7842be7b75c791bd0c65714b72
https://repo.anaconda.com/pkgs/main/osx-arm64/libbrotlidec-1.0.9-h1a28f6b_7.conda#131d812d64b803ad9fc1574051f37727
https://repo.anaconda.com/pkgs/main/osx-arm64/libbrotlienc-1.0.9-h1a28f6b_7.conda#d5cf74296c52de90b3b1e5c8ebc52123
https://repo.anaconda.com/pkgs/main/osx-arm64/libgfortran5-11.3.0-h009349e_28.conda#731b10bb5430bc63ac2bd46ddcaa77db
https://repo.anaconda.com/pkgs/main/osx-arm64/libpng-1.6.37-hb8d0fd4_0.conda#84b3120e66271215ffead93ec6e4e3a1
https://repo.anaconda.com/pkgs/main/osx-arm64/lz4-c-1.9.4-h313beb8_0.conda#12d867cba3e895c0b2a18f86970c6663
https://repo.anaconda.com/pkgs/main/osx-arm64/openssl-1.1.1s-h1a28f6b_0.conda#3f6ecf63b9e08f6bb9bbd0127570ee7e
https://repo.anaconda.com/pkgs/main/osx-arm64/readline-8.2-h1a28f6b_0.conda#8e3d8eb62e32065d41fad9a83a901254
https://repo.anaconda.com/pkgs/main/osx-arm64/tk-8.6.12-hb8d0fd4_0.conda#012a1790e696759768ea3dd5ed84fdfb
https://repo.anaconda.com/pkgs/main/osx-arm64/zeromq-4.3.4-hc377ac9_0.conda#a7639e00305a8b8bb62ee68bca9512de
https://repo.anaconda.com/pkgs/main/osx-arm64/brotli-bin-1.0.9-h1a28f6b_7.conda#55869fe9d3d2d597b0f49a96b6491554
https://repo.anaconda.com/pkgs/main/osx-arm64/freetype-2.12.1-h1192e45_0.conda#34e2801b75936fcfe2602485335e8a31
https://repo.anaconda.com/pkgs/main/osx-arm64/libgfortran-5.0.0-11_3_0_hca03da5_28.conda#c5e86fc4ec38d0a560c08846544cc15c
https://repo.anaconda.com/pkgs/main/osx-arm64/libxml2-2.9.14-h8c5e841_0.conda#c1baeca0abe3f2caf095ecfe8017a588
https://repo.anaconda.com/pkgs/main/osx-arm64/sqlite-3.40.0-h7a7dc30_0.conda#c20f7df4e90665cc874f7aa6ee428ec2
https://repo.anaconda.com/pkgs/main/osx-arm64/zstd-1.5.2-h8574219_0.conda#1a291a47c143e855c4d3f9fd16d80d23
https://repo.anaconda.com/pkgs/main/osx-arm64/brotli-1.0.9-h1a28f6b_7.conda#0700d6e2e51affff8dce9e3878f31db9
https://repo.anaconda.com/pkgs/main/osx-arm64/libopenblas-0.3.21-h269037a_0.conda#f32214c5943b5dec9cd3022edfdd9185
https://repo.anaconda.com/pkgs/main/osx-arm64/libtiff-4.4.0-h2fd578a_2.conda#247aeb13e803b3675f04e8a1d60612e0
https://repo.anaconda.com/pkgs/main/osx-arm64/libxslt-1.1.35-h9833966_0.conda#9ba71cb16e2ca0e0ca3d703d7a09d99a
https://repo.anaconda.com/pkgs/main/osx-arm64/python-3.8.15-hc0d8a6c_2.conda#cdf4af92159db1d56e48478e03ff47ba
https://repo.anaconda.com/pkgs/main/osx-arm64/appnope-0.1.2-py38hca03da5_1001.conda#0030fb48291cb485c7ede562dfe95445
https://repo.anaconda.com/pkgs/main/osx-arm64/attrs-22.1.0-py38hca03da5_0.conda#f036ed3cc811e58b76d655ac9aca9a30
https://repo.anaconda.com/pkgs/main/noarch/backcall-0.2.0-pyhd3eb1b0_0.tar.bz2#b2aa5503875aba2f1d88cae9df9a96d5
https://repo.anaconda.com/pkgs/main/noarch/cycler-0.11.0-pyhd3eb1b0_0.conda#f5e365d2cdb66d547eb8c3ab93843aab
https://repo.anaconda.com/pkgs/main/osx-arm64/debugpy-1.5.1-py38hc377ac9_0.conda#4f17b633110c9f6a76003d7d935ef5bb
https://repo.anaconda.com/pkgs/main/noarch/decorator-5.1.1-pyhd3eb1b0_0.conda#4d969aac32a0faf84af90c797bfc7fec
https://repo.anaconda.com/pkgs/main/noarch/defusedxml-0.7.1-pyhd3eb1b0_0.conda#d912068b0729930972adcaac338882c0
https://repo.anaconda.com/pkgs/main/osx-arm64/entrypoints-0.4-py38hca03da5_0.conda#38da92c3be9191d0e949b8f3ea3fe71f
https://repo.anaconda.com/pkgs/main/noarch/executing-0.8.3-pyhd3eb1b0_0.conda#7be61d1c3c555fb37682b28d7a53d622
https://repo.anaconda.com/pkgs/main/noarch/flit-core-3.6.0-pyhd3eb1b0_0.conda#76802308ba7ec348cf0ca100cb133e67
https://repo.anaconda.com/pkgs/main/osx-arm64/idna-3.4-py38hca03da5_0.conda#9561d64a10074cbdb66b22fa02ad0d2f
https://repo.anaconda.com/pkgs/main/noarch/ipython_genutils-0.2.0-pyhd3eb1b0_1.conda#553832c0b872a28088a0001fa2ba3822
https://repo.anaconda.com/pkgs/main/osx-arm64/joblib-1.1.1-py38hca03da5_0.conda#22b7fd02c641a57521e6f908e96a48d9
https://repo.anaconda.com/pkgs/main/osx-arm64/kiwisolver-1.4.4-py38h313beb8_0.conda#d7e0c9f2c127254eca1c3d6aa18beeb7
https://repo.anaconda.com/pkgs/main/osx-arm64/lcms2-2.12-hba8e193_0.conda#455b7d3e933a8ef33b887846693619a7
https://repo.anaconda.com/pkgs/main/osx-arm64/libwebp-1.2.4-h68602c7_0.conda#dddc4a14ec3e7ac651ab6e81be81a8b2
https://repo.anaconda.com/pkgs/main/osx-arm64/lxml-4.9.1-py38h2fae87d_0.conda#88b9d5660d140b023bddc087d21fd962
https://repo.anaconda.com/pkgs/main/osx-arm64/markupsafe-2.1.1-py38h1a28f6b_0.conda#6324786319a370dee3d71d6fc011c510
https://repo.anaconda.com/pkgs/main/osx-arm64/mistune-0.8.4-py38h1a28f6b_1000.conda#a10b37a50f0baeb1877c45b50986c1d4
https://repo.anaconda.com/pkgs/main/noarch/munkres-1.1.4-py_0.conda#148362ba07f92abab76999a680c80084
https://repo.anaconda.com/pkgs/main/osx-arm64/nest-asyncio-1.5.6-py38hca03da5_0.conda#77e283c466f3d2e7a9475e54e7a8f1da
https://repo.anaconda.com/pkgs/main/osx-arm64/numpy-base-1.23.5-py38h90707a3_0.conda#b6acaaf4ca7a8c7857b76496aad1d70c
https://repo.anaconda.com/pkgs/main/osx-arm64/packaging-22.0-py38hca03da5_0.conda#bc60327a41ed5e57be01e1dfc26754ce
https://repo.anaconda.com/pkgs/main/noarch/pandocfilters-1.5.0-pyhd3eb1b0_0.conda#5547ced9e3bb4c513405998957b52c7b
https://repo.anaconda.com/pkgs/main/noarch/parso-0.8.3-pyhd3eb1b0_0.conda#c6f0f6219bf5ce2b510ef4b75cbc3e01
https://repo.anaconda.com/pkgs/main/noarch/pickleshare-0.7.5-pyhd3eb1b0_1003.conda#4a6363fd8dda664b95f99f7c5aa95abc
https://repo.anaconda.com/pkgs/main/osx-arm64/pkgutil-resolve-name-1.3.10-py38hca03da5_0.conda#439c66f70bca8e96cd21c40f8d2bde63
https://repo.anaconda.com/pkgs/main/osx-arm64/platformdirs-2.5.2-py38hca03da5_0.conda#5262252718fad0b739807579f039b939
https://repo.anaconda.com/pkgs/main/osx-arm64/prometheus_client-0.14.1-py38hca03da5_0.conda#616e1d94fafcf4f3fd5878c1ab5c4721
https://repo.anaconda.com/pkgs/main/osx-arm64/psutil-5.9.0-py38h1a28f6b_0.conda#1e72ef60d5b721d45937f35ef04dc882
https://repo.anaconda.com/pkgs/main/noarch/ptyprocess-0.7.0-pyhd3eb1b0_2.conda#7441d2827d4bfbcc1fa308875a146246
https://repo.anaconda.com/pkgs/main/noarch/pure_eval-0.2.2-pyhd3eb1b0_0.conda#a87d6d9827e5dff68d34d69971f8a9b1
https://repo.anaconda.com/pkgs/main/noarch/pycparser-2.21-pyhd3eb1b0_0.conda#135a72ff2a31150a3a3ff0b1edd41ca9
https://repo.anaconda.com/pkgs/main/noarch/pygments-2.11.2-pyhd3eb1b0_0.conda#eff55c770961f459a734cf86768aac98
https://repo.anaconda.com/pkgs/main/osx-arm64/pyparsing-3.0.9-py38hca03da5_0.conda#7601857002da8fe6b836c4ac22cd661e
https://repo.anaconda.com/pkgs/main/osx-arm64/pyrsistent-0.18.0-py38h1a28f6b_0.conda#deed5c8f8484697ccabc8c2bd9643efc
https://repo.anaconda.com/pkgs/main/osx-arm64/python-fastjsonschema-2.16.2-py38hca03da5_0.conda#5963120a4a905be8030155623701f8cb
https://repo.anaconda.com/pkgs/main/osx-arm64/pytz-2022.7-py38hca03da5_0.conda#362c7e92a3fd884d9d6aba07c6a432dd
https://repo.anaconda.com/pkgs/main/osx-arm64/pyzmq-23.2.0-py38hc377ac9_0.conda#046f97e7612a0ab79cf7f15297d65e0a
https://repo.anaconda.com/pkgs/main/noarch/send2trash-1.8.0-pyhd3eb1b0_1.conda#bfa3c5c61a5a91e528a1d2d1e3cae6c9
https://repo.anaconda.com/pkgs/main/noarch/six-1.16.0-pyhd3eb1b0_1.conda#34586824d411d36af2fa40e799c172d0
https://repo.anaconda.com/pkgs/main/osx-arm64/sniffio-1.2.0-py38hca03da5_1.conda#ed1c95c81711214232e21b050c6961e4
https://repo.anaconda.com/pkgs/main/osx-arm64/soupsieve-2.3.2.post1-py38hca03da5_0.conda#8a03d06f1b75356bb67dba6f4ffc06fa
https://repo.anaconda.com/pkgs/main/noarch/threadpoolctl-2.2.0-pyh0d69192_0.conda#bbfdbae4934150b902f97daaf287efe2
https://repo.anaconda.com/pkgs/main/osx-arm64/tornado-6.2-py38h1a28f6b_0.conda#86a8764f87c084e88c2120c3ef813852
https://repo.anaconda.com/pkgs/main/osx-arm64/traitlets-5.7.1-py38hca03da5_0.conda#8b75c1f6b4be5858ff881364eaea048c
https://repo.anaconda.com/pkgs/main/noarch/wcwidth-0.2.5-pyhd3eb1b0_0.conda#ffa649340272c3f6466ba01da254c3b0
https://repo.anaconda.com/pkgs/main/osx-arm64/webencodings-0.5.1-py38hca03da5_1.conda#fd097014d3bf82bc99db711f940ed8e5
https://repo.anaconda.com/pkgs/main/osx-arm64/zipp-3.11.0-py38hca03da5_0.conda#7ef7d4388ff310f1947151162ad26d1c
https://repo.anaconda.com/pkgs/main/osx-arm64/anyio-3.5.0-py38hca03da5_0.conda#c63860ac989caaf5e8ce9601b25e237e
https://repo.anaconda.com/pkgs/main/noarch/asttokens-2.0.5-pyhd3eb1b0_0.conda#140486e2ce4f3931b44aa5f7ff8d88da
https://repo.anaconda.com/pkgs/main/osx-arm64/beautifulsoup4-4.11.1-py38hca03da5_0.conda#5f3c039384021cdbaafe0bcd790fe338
https://repo.anaconda.com/pkgs/main/noarch/bleach-4.1.0-pyhd3eb1b0_0.conda#256eb7e384e35f993ef8ccd6c4f45e58
https://repo.anaconda.com/pkgs/main/osx-arm64/cffi-1.15.1-py38h80987f9_3.conda#99e8eb518641d8b83f2cf40291e0447d
https://repo.anaconda.com/pkgs/main/osx-arm64/comm-0.1.2-py38hca03da5_0.conda#d778b11d1884db759613d9f8c130dace
https://repo.anaconda.com/pkgs/main/noarch/fonttools-4.25.0-pyhd3eb1b0_0.conda#bb9c5b5a6d892fca5efe4bf0203b6a48
https://repo.anaconda.com/pkgs/main/noarch/importlib_resources-5.2.0-pyhd3eb1b0_1.conda#3e7caf9dbd3b4771e9b951ffc7cdad80
https://repo.anaconda.com/pkgs/main/osx-arm64/jedi-0.18.1-py38hca03da5_1.conda#349a285fe68e56845efa9cdb68941ebf
https://repo.anaconda.com/pkgs/main/osx-arm64/jinja2-3.1.2-py38hca03da5_0.conda#9d4ad8a39c12967c611d359c8752766e
https://repo.anaconda.com/pkgs/main/osx-arm64/jupyter_core-5.1.1-py38hca03da5_0.conda#569f2a0b88d168386ca29fb53b08c90a
https://repo.anaconda.com/pkgs/main/noarch/jupyterlab_pygments-0.1.2-py_0.conda#af46aff4922ca45df6ba19b313df6070
https://repo.anaconda.com/pkgs/main/osx-arm64/matplotlib-inline-0.1.6-py38hca03da5_0.conda#577b78860644ffc410a6a19243c351ae
https://repo.anaconda.com/pkgs/main/osx-arm64/numpy-1.23.5-py38h1398885_0.conda#993c3edc574368ba2867c96e207f2f21
https://repo.anaconda.com/pkgs/main/noarch/pexpect-4.8.0-pyhd3eb1b0_3.conda#765b2562d6cdd14bb6d44fc170a04331
https://repo.anaconda.com/pkgs/main/osx-arm64/pillow-9.3.0-py38hf4a492f_1.conda#dae4ee9def47b745707542f8105097b2
https://repo.anaconda.com/pkgs/main/osx-arm64/prompt-toolkit-3.0.36-py38hca03da5_0.conda#cc190062734d97d70b863d74e1d77131
https://repo.anaconda.com/pkgs/main/noarch/python-dateutil-2.8.2-pyhd3eb1b0_0.conda#211ee00320b08a1ac9fea6677649f6c9
https://repo.anaconda.com/pkgs/main/osx-arm64/terminado-0.17.1-py38hca03da5_0.conda#0e14908142b6981571f09231b296c488
https://repo.anaconda.com/pkgs/main/osx-arm64/tinycss2-1.2.1-py38hca03da5_0.conda#5768dc71085a83e10d3a5e49e8d8d057
https://repo.anaconda.com/pkgs/main/osx-arm64/typing_extensions-4.4.0-py38hca03da5_0.conda#156289fbc53e880d831ed2154dde782a
https://repo.anaconda.com/pkgs/main/osx-arm64/websocket-client-0.58.0-py38hca03da5_4.conda#3c7808d802f3d9ff923450c53a31c8e5
https://repo.anaconda.com/pkgs/main/osx-arm64/argon2-cffi-bindings-21.2.0-py38h1a28f6b_0.conda#227797a63d26d4d83e8ff32e81251b2c
https://repo.anaconda.com/pkgs/main/osx-arm64/bottleneck-1.3.5-py38heec5a64_0.conda#6dc1cbb67a8becc059dfae1fb4d44db1
https://repo.anaconda.com/pkgs/main/osx-arm64/contourpy-1.0.5-py38h525c30c_0.conda#647062736005332098126e7656c7b246
https://repo.anaconda.com/pkgs/main/osx-arm64/jsonschema-4.16.0-py38hca03da5_0.conda#3d1f7525149781608dcf47614e0a6bef
https://repo.anaconda.com/pkgs/main/osx-arm64/jupyter_client-7.4.8-py38hca03da5_0.conda#20976862f79b3feccc3665c177fe6dae
https://repo.anaconda.com/pkgs/main/osx-arm64/numexpr-2.8.4-py38h79ee842_0.conda#c8b267e55cd0ec1b05aa87dc3074c787
https://repo.anaconda.com/pkgs/main/osx-arm64/scipy-1.9.3-py38h9d039d2_0.conda#7371bc943c1bec6d44782e31e581f4ed
https://repo.anaconda.com/pkgs/main/noarch/stack_data-0.2.0-pyhd3eb1b0_0.conda#6212968e73726f6da42e5ffcd2bea92d
https://repo.anaconda.com/pkgs/main/osx-arm64/typing-extensions-4.4.0-py38hca03da5_0.conda#ba5d5a7bf30921709a114ac5a284fad4
https://repo.anaconda.com/pkgs/main/noarch/argon2-cffi-21.3.0-pyhd3eb1b0_0.conda#f00b851bc61b4c313903d31c7daecb09
https://repo.anaconda.com/pkgs/main/osx-arm64/ipython-8.7.0-py38hca03da5_0.conda#6b84a529143ff5a0453eda39c3a7c221
https://repo.anaconda.com/pkgs/main/osx-arm64/matplotlib-base-3.6.2-py38h8bbb115_0.conda#419ed286f5addfdd8cae570014ab29c0
https://repo.anaconda.com/pkgs/main/osx-arm64/nbformat-5.7.0-py38hca03da5_0.conda#b081350b037b0d06757f2651a9868a9a
https://repo.anaconda.com/pkgs/main/osx-arm64/pandas-1.5.2-py38h78102c4_0.conda#b5c975777f553454f05198b3aece6f6b
https://repo.anaconda.com/pkgs/main/osx-arm64/scikit-learn-1.1.3-py38hc377ac9_0.conda#2813524caf449c4a7c1ad099b375a960
https://repo.anaconda.com/pkgs/main/osx-arm64/ipykernel-6.19.2-py38h86d0a89_0.conda#93c628bae9180cc2a05907e85759f8d7
https://repo.anaconda.com/pkgs/main/osx-arm64/matplotlib-3.6.2-py38hca03da5_0.conda#733b4b932b72e1d1408476c3131a5bca
https://repo.anaconda.com/pkgs/main/osx-arm64/nbclient-0.5.13-py38hca03da5_0.conda#09a618d4ec6132a90c3a243729407597
https://repo.anaconda.com/pkgs/main/osx-arm64/seaborn-0.12.1-py38hca03da5_0.conda#cb7e064031e82871a0199a71d6784e7e
https://repo.anaconda.com/pkgs/main/osx-arm64/nbconvert-6.5.4-py38hca03da5_0.conda#48d2dd6d0733f5401495bcec55b17612
https://repo.anaconda.com/pkgs/main/osx-arm64/jupyter_server-1.23.4-py38hca03da5_0.conda#3671ac3064a14e9539341e316375c6c0
https://repo.anaconda.com/pkgs/main/osx-arm64/notebook-shim-0.2.2-py38hca03da5_0.conda#c2ef34c695244e346ecbef1180a14b2a
https://repo.anaconda.com/pkgs/main/osx-arm64/nbclassic-0.4.8-py38hca03da5_0.conda#750c5f8d3df649f059a5f11eef7e0967
https://repo.anaconda.com/pkgs/main/osx-arm64/notebook-6.5.2-py38hca03da5_0.conda#1a6c5f2cfc4c09f3f9486a70e353b97f
