# Generated by conda-lock.
# platform: osx-64
# input_hash: 0b1cb7bfcc7695f39b69f080198dab36e3aa095107c7071cca88c93bcf0ebf76
@EXPLICIT
https://repo.anaconda.com/pkgs/main/osx-64/blas-1.0-mkl.conda#cb2c87e85ac8e0ceae776d26d4214c8a
https://repo.anaconda.com/pkgs/main/osx-64/ca-certificates-2022.3.29-hecd8cb5_1.conda#17ff2dc42cf8c50850ee09245df0f4bb
https://repo.anaconda.com/pkgs/main/osx-64/giflib-5.2.1-haf1e3a3_0.conda#0c36d6800a1a0f0ae244699a09d3f982
https://repo.anaconda.com/pkgs/main/osx-64/intel-openmp-2021.4.0-hecd8cb5_3538.conda#65e79d0ffef79cbb8ebd3c71e74eb50a
https://repo.anaconda.com/pkgs/main/osx-64/jpeg-9d-h9ed2024_0.conda#a50e7dd5264949332c4a510c8d54903b
https://repo.anaconda.com/pkgs/main/osx-64/libcxx-12.0.0-h2f01273_0.conda#fa697ecaca74bdf72bd0a10e42a2287a
https://repo.anaconda.com/pkgs/main/osx-64/libgfortran-3.0.1-h93005f0_2.conda#2f6d6d3c7a46ff214a5a1a8991af9bef
https://repo.anaconda.com/pkgs/main/osx-64/libsodium-1.0.18-h1de35cc_0.conda#dc65d21181274fa72d5eea2ba9cc1c35
https://repo.anaconda.com/pkgs/main/osx-64/libwebp-base-1.2.2-hca72f7f_0.conda#029b8fce196d53c93af17512f6f606d8
https://repo.anaconda.com/pkgs/main/osx-64/llvm-openmp-12.0.0-h0dcd299_1.conda#06b2da900ba1448f28cd5a0cd43bff90
https://repo.anaconda.com/pkgs/main/osx-64/ncurses-6.3-hca72f7f_2.conda#32896581ee96215797b753884720e581
https://repo.anaconda.com/pkgs/main/osx-64/xz-5.2.5-h1de35cc_0.conda#f38610dab0f2b0cb05f1b31f354113c5
https://repo.anaconda.com/pkgs/main/osx-64/zlib-1.2.12-h4dc903c_2.conda#4264c14bdd0bd302b0232cb65f3ee275
https://repo.anaconda.com/pkgs/main/osx-64/brotli-1.0.9-hb1e8313_2.conda#47c6f0f0789dc3b0c350e2f6caac3ebc
https://repo.anaconda.com/pkgs/main/osx-64/libffi-3.3-hb1e8313_2.conda#0c959d444ac65555cb836cdbd3e9a2d9
https://repo.anaconda.com/pkgs/main/osx-64/libpng-1.6.37-ha441bb4_0.conda#d69245a20ec59d8dc534c65308607129
https://repo.anaconda.com/pkgs/main/osx-64/lz4-c-1.9.3-h23ab428_1.conda#dc70fec3978d3189741886cc05fcb145
https://repo.anaconda.com/pkgs/main/osx-64/mkl-2021.4.0-hecd8cb5_637.conda#07d14ece4a852cefa17c1c156db8134e
https://repo.anaconda.com/pkgs/main/osx-64/openssl-1.1.1n-hca72f7f_0.conda#bc164c37a7706bb3d7e0a43435bcdae7
https://repo.anaconda.com/pkgs/main/osx-64/readline-8.1.2-hca72f7f_1.conda#c54a6153e7ef82f55e7a0ae2f6749592
https://repo.anaconda.com/pkgs/main/osx-64/tk-8.6.11-h7bc2e8c_0.conda#a8755d374028db89036e8a1be2247f9e
https://repo.anaconda.com/pkgs/main/osx-64/zeromq-4.3.4-h23ab428_0.conda#24ca0b9986211e74e86f8afbba5c092d
https://repo.anaconda.com/pkgs/main/osx-64/freetype-2.11.0-hd8bbffd_0.conda#a06dcb72dc6961d37f280b4b97d74f43
https://repo.anaconda.com/pkgs/main/osx-64/sqlite-3.38.2-h707629a_0.conda#9d73870323eef731cd1124da8a4c9a6a
https://repo.anaconda.com/pkgs/main/osx-64/zstd-1.4.9-h322a384_0.conda#bc8c39208f4e8205c729683dcfa7e95e
https://repo.anaconda.com/pkgs/main/osx-64/libtiff-4.2.0-h87d7836_0.conda#32cded0d1900a09a8fefdeda35e0de1c
https://repo.anaconda.com/pkgs/main/osx-64/python-3.8.13-hdfd78df_0.conda#f2f8398141b52f0b9ccc04b7a41c6ba0
https://repo.anaconda.com/pkgs/main/osx-64/appnope-0.1.2-py38hecd8cb5_1001.conda#2b544e4b465ff69e65ea1ffa4396cde0
https://repo.anaconda.com/pkgs/main/noarch/attrs-21.4.0-pyhd3eb1b0_0.conda#3bc977a57587a7964921e3e1e2e31f9e
https://repo.anaconda.com/pkgs/main/noarch/backcall-0.2.0-pyhd3eb1b0_0.tar.bz2#b2aa5503875aba2f1d88cae9df9a96d5
https://repo.anaconda.com/pkgs/main/osx-64/certifi-2021.10.8-py38hecd8cb5_2.conda#b5fdf1e2e7fbf1f2167ee24783b03fa6
https://repo.anaconda.com/pkgs/main/noarch/cycler-0.11.0-pyhd3eb1b0_0.conda#f5e365d2cdb66d547eb8c3ab93843aab
https://repo.anaconda.com/pkgs/main/osx-64/debugpy-1.5.1-py38he9d5cce_0.conda#2ddf77b041a27682881dfc342abbd687
https://repo.anaconda.com/pkgs/main/noarch/decorator-5.1.1-pyhd3eb1b0_0.conda#4d969aac32a0faf84af90c797bfc7fec
https://repo.anaconda.com/pkgs/main/noarch/defusedxml-0.7.1-pyhd3eb1b0_0.conda#d912068b0729930972adcaac338882c0
https://repo.anaconda.com/pkgs/main/osx-64/entrypoints-0.4-py38hecd8cb5_0.conda#f6003ec78f7c64fb47686adccc2675d1
https://repo.anaconda.com/pkgs/main/noarch/executing-0.8.3-pyhd3eb1b0_0.conda#7be61d1c3c555fb37682b28d7a53d622
https://repo.anaconda.com/pkgs/main/noarch/ipython_genutils-0.2.0-pyhd3eb1b0_1.conda#553832c0b872a28088a0001fa2ba3822
https://repo.anaconda.com/pkgs/main/noarch/joblib-1.1.0-pyhd3eb1b0_0.conda#cae25b839f3b24686e683addde01b742
https://repo.anaconda.com/pkgs/main/osx-64/kiwisolver-1.3.2-py38he9d5cce_0.conda#f3c66c8c374881eceb0ba53878239158
https://repo.anaconda.com/pkgs/main/osx-64/lcms2-2.12-hf1fd2bf_0.conda#697aba7a3308226df7a93ccfeae16ffa
https://repo.anaconda.com/pkgs/main/osx-64/libwebp-1.2.2-h56c3ce4_0.conda#027d2450b64e251b8169798f6121b47a
https://repo.anaconda.com/pkgs/main/osx-64/markupsafe-2.0.1-py38h9ed2024_0.conda#ce67815e11d846384abf63db2db75a8a
https://repo.anaconda.com/pkgs/main/osx-64/mistune-0.8.4-py38h1de35cc_1001.conda#14552fbbea9538d0aa2686a3c7cba628
https://repo.anaconda.com/pkgs/main/noarch/munkres-1.1.4-py_0.conda#148362ba07f92abab76999a680c80084
https://repo.anaconda.com/pkgs/main/osx-64/nest-asyncio-1.5.5-py38hecd8cb5_0.conda#f0d2034d99e98561f9859f0a1a13360f
https://repo.anaconda.com/pkgs/main/noarch/pandocfilters-1.5.0-pyhd3eb1b0_0.conda#5547ced9e3bb4c513405998957b52c7b
https://repo.anaconda.com/pkgs/main/noarch/parso-0.8.3-pyhd3eb1b0_0.conda#c6f0f6219bf5ce2b510ef4b75cbc3e01
https://repo.anaconda.com/pkgs/main/noarch/pickleshare-0.7.5-pyhd3eb1b0_1003.conda#4a6363fd8dda664b95f99f7c5aa95abc
https://repo.anaconda.com/pkgs/main/noarch/prometheus_client-0.13.1-pyhd3eb1b0_0.conda#05275f89084c4ce7f9b0bc1e258b3e9e
https://repo.anaconda.com/pkgs/main/noarch/ptyprocess-0.7.0-pyhd3eb1b0_2.conda#7441d2827d4bfbcc1fa308875a146246
https://repo.anaconda.com/pkgs/main/noarch/pure_eval-0.2.2-pyhd3eb1b0_0.conda#a87d6d9827e5dff68d34d69971f8a9b1
https://repo.anaconda.com/pkgs/main/noarch/pycparser-2.21-pyhd3eb1b0_0.conda#135a72ff2a31150a3a3ff0b1edd41ca9
https://repo.anaconda.com/pkgs/main/noarch/pygments-2.11.2-pyhd3eb1b0_0.conda#eff55c770961f459a734cf86768aac98
https://repo.anaconda.com/pkgs/main/noarch/pyparsing-3.0.4-pyhd3eb1b0_0.conda#6bca2ae9c9aae9ccdebcb8cf2aa87cb3
https://repo.anaconda.com/pkgs/main/osx-64/pyrsistent-0.18.0-py38hca72f7f_0.conda#113311ade8193fee41c406cec2678852
https://repo.anaconda.com/pkgs/main/noarch/python-fastjsonschema-2.15.1-pyhd3eb1b0_0.conda#ad1b2f7b33a45d0d68979ca2ad84b6a9
https://repo.anaconda.com/pkgs/main/noarch/pytz-2021.3-pyhd3eb1b0_0.conda#76415b791ffd2007687ac5f0665aa7af
https://repo.anaconda.com/pkgs/main/osx-64/pyzmq-22.3.0-py38he9d5cce_2.conda#fe003dc72d676b6ce6f6abd3fb575964
https://repo.anaconda.com/pkgs/main/noarch/send2trash-1.8.0-pyhd3eb1b0_1.conda#bfa3c5c61a5a91e528a1d2d1e3cae6c9
https://repo.anaconda.com/pkgs/main/noarch/six-1.16.0-pyhd3eb1b0_1.conda#34586824d411d36af2fa40e799c172d0
https://repo.anaconda.com/pkgs/main/noarch/soupsieve-2.3.1-pyhd3eb1b0_0.conda#4794d40136a3432a241ff1454d2ac99c
https://repo.anaconda.com/pkgs/main/noarch/testpath-0.5.0-pyhd3eb1b0_0.conda#bd2a5c664c982e8637ae17b1662bd9a4
https://repo.anaconda.com/pkgs/main/noarch/threadpoolctl-2.2.0-pyh0d69192_0.conda#bbfdbae4934150b902f97daaf287efe2
https://repo.anaconda.com/pkgs/main/osx-64/tornado-6.1-py38h9ed2024_0.conda#430b78790d6d2f428bcf6cfd4a64127c
https://repo.anaconda.com/pkgs/main/noarch/traitlets-5.1.1-pyhd3eb1b0_0.conda#675f60e84f695e63749b09f9ed464eda
https://repo.anaconda.com/pkgs/main/noarch/typing_extensions-4.1.1-pyh06a4308_0.conda#8d4303f11560fe9621c962e87cf64d27
https://repo.anaconda.com/pkgs/main/noarch/wcwidth-0.2.5-pyhd3eb1b0_0.conda#ffa649340272c3f6466ba01da254c3b0
https://repo.anaconda.com/pkgs/main/osx-64/webencodings-0.5.1-py38_1.conda#06bf5fe6b42bc9d00c96f4be7beaaf26
https://repo.anaconda.com/pkgs/main/noarch/zipp-3.7.0-pyhd3eb1b0_0.conda#2ca2fb4e2d7eda52b0b16f4431d66b64
https://repo.anaconda.com/pkgs/main/noarch/asttokens-2.0.5-pyhd3eb1b0_0.conda#140486e2ce4f3931b44aa5f7ff8d88da
https://repo.anaconda.com/pkgs/main/osx-64/beautifulsoup4-4.11.1-py38hecd8cb5_0.conda#b79e47cf7d8d91a6a295f1cfbd9495ac
https://repo.anaconda.com/pkgs/main/osx-64/cffi-1.15.0-py38hc55c11b_1.conda#5f7caa2c82d00004ee9bde44840945dc
https://repo.anaconda.com/pkgs/main/noarch/fonttools-4.25.0-pyhd3eb1b0_0.conda#bb9c5b5a6d892fca5efe4bf0203b6a48
https://repo.anaconda.com/pkgs/main/noarch/importlib_resources-5.2.0-pyhd3eb1b0_1.conda#3e7caf9dbd3b4771e9b951ffc7cdad80
https://repo.anaconda.com/pkgs/main/osx-64/jedi-0.18.1-py38hecd8cb5_1.conda#f0aa32d375b15db6f9aa00c5ceae339c
https://repo.anaconda.com/pkgs/main/noarch/jinja2-3.0.3-pyhd3eb1b0_0.conda#a5b0429ead9704cd1ad0b044c97e728f
https://repo.anaconda.com/pkgs/main/osx-64/jupyter_core-4.9.2-py38hecd8cb5_0.conda#111e6870a513cb3a6fdbe43a4705aafb
https://repo.anaconda.com/pkgs/main/noarch/jupyterlab_pygments-0.1.2-py_0.conda#af46aff4922ca45df6ba19b313df6070
https://repo.anaconda.com/pkgs/main/noarch/matplotlib-inline-0.1.2-pyhd3eb1b0_2.conda#47e865f8b884de7c5d516349e83457a7
https://repo.anaconda.com/pkgs/main/osx-64/mkl-service-2.4.0-py38h9ed2024_0.conda#aa83a42208ae871c8f1d3e15720024c4
https://repo.anaconda.com/pkgs/main/noarch/packaging-21.3-pyhd3eb1b0_0.conda#07bbfbb961db7fa329cc42716943ea62
https://repo.anaconda.com/pkgs/main/noarch/pexpect-4.8.0-pyhd3eb1b0_3.conda#765b2562d6cdd14bb6d44fc170a04331
https://repo.anaconda.com/pkgs/main/osx-64/pillow-9.0.1-py38hde71d04_0.conda#9b05d3f1ef363938abfd1140d3104a81
https://repo.anaconda.com/pkgs/main/noarch/prompt-toolkit-3.0.20-pyhd3eb1b0_0.conda#19fa1fa6a03645e39e7dce3bdbe9d72f
https://repo.anaconda.com/pkgs/main/noarch/python-dateutil-2.8.2-pyhd3eb1b0_0.conda#211ee00320b08a1ac9fea6677649f6c9
https://repo.anaconda.com/pkgs/main/osx-64/setuptools-61.2.0-py38hecd8cb5_0.conda#d7a83933228d51053ea27c48a2959f1a
https://repo.anaconda.com/pkgs/main/osx-64/terminado-0.13.1-py38hecd8cb5_0.conda#70cd24be2f01996667d580408c973d93
https://repo.anaconda.com/pkgs/main/noarch/typing-extensions-4.1.1-hd3eb1b0_0.conda#0b535dfd0618653dd772c78c9c2b56a8
https://repo.anaconda.com/pkgs/main/osx-64/argon2-cffi-bindings-21.2.0-py38hca72f7f_0.conda#241491682516288378ab940ad09d7f74
https://repo.anaconda.com/pkgs/main/noarch/bleach-4.1.0-pyhd3eb1b0_0.conda#256eb7e384e35f993ef8ccd6c4f45e58
https://repo.anaconda.com/pkgs/main/osx-64/jsonschema-4.4.0-py38hecd8cb5_0.conda#38dd39c9c45ed24ea311dc0b4d155833
https://repo.anaconda.com/pkgs/main/osx-64/jupyter_client-7.2.2-py38hecd8cb5_0.conda#51773d706c11abaf05fea1800625ff13
https://repo.anaconda.com/pkgs/main/osx-64/numpy-base-1.21.5-py38h3b1a694_1.conda#eb28fe3818ae0e5cdbddf25017da5979
https://repo.anaconda.com/pkgs/main/noarch/stack_data-0.2.0-pyhd3eb1b0_0.conda#6212968e73726f6da42e5ffcd2bea92d
https://repo.anaconda.com/pkgs/main/noarch/argon2-cffi-21.3.0-pyhd3eb1b0_0.conda#f00b851bc61b4c313903d31c7daecb09
https://repo.anaconda.com/pkgs/main/osx-64/ipython-8.2.0-py38hecd8cb5_0.conda#24325ec1cf88bef611cf0ea233756467
https://repo.anaconda.com/pkgs/main/osx-64/nbformat-5.3.0-py38hecd8cb5_0.conda#5b6ac6fe9256a09f8e9b1bf500740ffb
https://repo.anaconda.com/pkgs/main/osx-64/ipykernel-6.9.1-py38hecd8cb5_0.conda#1e871f3672d376078a113d66b352c1c9
https://repo.anaconda.com/pkgs/main/osx-64/nbclient-0.5.13-py38hecd8cb5_0.conda#cb3b035daf42ea75d5f48577f502d0f2
https://repo.anaconda.com/pkgs/main/osx-64/nbconvert-6.4.4-py38hecd8cb5_0.conda#698658e1f368421d59e9e57ac435b39a
https://repo.anaconda.com/pkgs/main/osx-64/notebook-6.4.8-py38hecd8cb5_0.conda#588951cdc6aa8d2f2b159392f632c822
https://repo.anaconda.com/pkgs/main/osx-64/bottleneck-1.3.4-py38h67323c0_0.conda#51ecbea9295cc1aa0eb6e6562826aca2
https://repo.anaconda.com/pkgs/main/osx-64/matplotlib-3.5.1-py38hecd8cb5_1.conda#2ca356c27d3d4163b65d4560ea6024c2
https://repo.anaconda.com/pkgs/main/osx-64/matplotlib-base-3.5.1-py38hfb0c5b7_1.conda#737f5b096415dccfd6a6a1b357279c1c
https://repo.anaconda.com/pkgs/main/osx-64/mkl_fft-1.3.1-py38h4ab4a9b_0.conda#e392ca82d851c377597c16fc55b431e7
https://repo.anaconda.com/pkgs/main/osx-64/mkl_random-1.2.2-py38hb2f4e1b_0.conda#f000fabdb08ccfb051ac7134449e23b3
https://repo.anaconda.com/pkgs/main/osx-64/numpy-1.21.5-py38h2e5f0a9_1.conda#a3d4ba1b60c05283996aec7db8ac1b4d
https://repo.anaconda.com/pkgs/main/osx-64/numexpr-2.8.1-py38h2e5f0a9_0.conda#187e53d4ca41bc9ae5f1619919fa733a
https://repo.anaconda.com/pkgs/main/osx-64/scipy-1.7.3-py38h8c7af03_0.conda#909f63caaa40d08b37b8ac1e7b2f8f69
https://repo.anaconda.com/pkgs/main/osx-64/pandas-1.4.2-py38he9d5cce_0.conda#f168fa1e58b72f8e33a3797b41b86790
https://repo.anaconda.com/pkgs/main/osx-64/scikit-learn-1.0.2-py38hae1ba45_1.conda#34756f717db95635a47999bf9f61798b
https://repo.anaconda.com/pkgs/main/noarch/seaborn-0.11.2-pyhd3eb1b0_0.conda#36b64fb4e3b76ded59d6388c9582de69
