# Generated by conda-lock.
# platform: win-64
# input_hash: 2b720b3b3cfc0a6ada04718aa101c08d08adae620fc8258c8c4f373841d306c1
@EXPLICIT
https://repo.anaconda.com/pkgs/main/win-64/blas-1.0-mkl.conda#29c8be9152b7cbf29578794154d2408f
https://repo.anaconda.com/pkgs/main/win-64/ca-certificates-2022.10.11-haa95532_0.conda#d90b30847945b81feda422c8946baefc
https://repo.anaconda.com/pkgs/main/win-64/icc_rt-2022.1.0-h6049295_2.conda#4ea9e3682a5114c1ee3dc09bac898e8d
https://repo.anaconda.com/pkgs/main/win-64/intel-openmp-2021.4.0-haa95532_3556.conda#fbc89913479fe20e07cde87c82e5147b
https://repo.anaconda.com/pkgs/main/win-64/vs2015_runtime-14.27.29016-h5e58377_2.conda#9e3f8ea1096e174541ac86f5fc73fc3d
https://repo.anaconda.com/pkgs/main/win-64/winpty-0.4.3-4.conda#5827d9fb8df41153ddc2a2915934c966
https://repo.anaconda.com/pkgs/main/win-64/mkl-2021.4.0-haa95532_640.conda#f7802e70a203f51ac4898309d4ed4115
https://repo.anaconda.com/pkgs/main/win-64/vc-14.2-h21ff451_1.conda#a8c870bfc2551c262800527f2107d0f3
https://repo.anaconda.com/pkgs/main/win-64/fftw-3.3.9-h2bbff1b_1.conda#4766cf22c3563612f755e59ea8bb9c7e
https://repo.anaconda.com/pkgs/main/win-64/icu-58.2-ha925a31_3.conda#f6654b7569b42712970bedd22781eb70
https://repo.anaconda.com/pkgs/main/win-64/jpeg-9e-h2bbff1b_0.conda#d1575ca337bb2d97f095df0225b3e89c
https://repo.anaconda.com/pkgs/main/win-64/lerc-3.0-hd77b12b_0.conda#f90216a0e38142a29c2693d4dad13fbe
https://repo.anaconda.com/pkgs/main/win-64/libbrotlicommon-1.0.9-h2bbff1b_7.conda#e7c35d758a6f478e8179ca76a4249069
https://repo.anaconda.com/pkgs/main/win-64/libdeflate-1.8-h2bbff1b_5.conda#b443de9aed8e28fe86ce7b617524512e
https://repo.anaconda.com/pkgs/main/win-64/libffi-3.4.2-hd77b12b_6.conda#22e15a84b9ec9fbf32324ecd904d0411
https://repo.anaconda.com/pkgs/main/win-64/libiconv-1.16-h2bbff1b_2.conda#c02693cc6777cb959e3ecee275d8f0ec
https://repo.anaconda.com/pkgs/main/win-64/libogg-1.3.5-h2bbff1b_1.conda#28264ad3065dd92e6bd36fd7cf30c714
https://repo.anaconda.com/pkgs/main/win-64/libsodium-1.0.18-h62dcd97_0.conda#b21cb66cc64ec7ca5b20dbed15950c3f
https://repo.anaconda.com/pkgs/main/win-64/libwebp-base-1.2.4-h2bbff1b_0.conda#2a81af5d7b81274bbad53588ff298b14
https://repo.anaconda.com/pkgs/main/win-64/lz4-c-1.9.4-h2bbff1b_0.conda#3f22ad4062b3087c6842f54bf88a1f4c
https://repo.anaconda.com/pkgs/main/win-64/openssl-1.1.1s-h2bbff1b_0.conda#5a4c53f0aecebaa059fbf82b0d3c667c
https://repo.anaconda.com/pkgs/main/win-64/pcre-8.45-hd77b12b_0.conda#1e2474409c02c95d4ac75ea0815db244
https://repo.anaconda.com/pkgs/main/win-64/sqlite-3.40.0-h2bbff1b_0.conda#0dbcc7f2175e0cee59218487d619599f
https://repo.anaconda.com/pkgs/main/win-64/tk-8.6.12-h2bbff1b_0.conda#3e6f2cd798aea9f886970b61dad14304
https://repo.anaconda.com/pkgs/main/win-64/xz-5.2.8-h8cc25b3_0.conda#e4de3e4530c1fac5c767cb5e3f093d8d
https://repo.anaconda.com/pkgs/main/win-64/zlib-1.2.13-h8cc25b3_0.conda#93432f34cf66a0153947825ed4fbd69f
https://repo.anaconda.com/pkgs/main/win-64/glib-2.69.1-h5dc1a3c_2.conda#63dcdc84440681ec10342420f21ccb4e
https://repo.anaconda.com/pkgs/main/win-64/libbrotlidec-1.0.9-h2bbff1b_7.conda#b0d5c834c8f7386719edb0fdf511ba2b
https://repo.anaconda.com/pkgs/main/win-64/libbrotlienc-1.0.9-h2bbff1b_7.conda#f924a63d0be4b06bc660c34f33939ea6
https://repo.anaconda.com/pkgs/main/win-64/libclang-12.0.0-default_h627e005_2.conda#02a6f95d5a7324022ebb8310507d991d
https://repo.anaconda.com/pkgs/main/win-64/libpng-1.6.37-h2a8f88b_0.conda#d99c2cf18a0d5a65e8f2928fa4ddbee4
https://repo.anaconda.com/pkgs/main/win-64/libvorbis-1.3.7-he774522_0.conda#badeae89c0befd4cbefdc13ed70440cb
https://repo.anaconda.com/pkgs/main/win-64/libwebp-1.2.4-h2bbff1b_0.conda#5cc595cf4df173b85cfec25193424193
https://repo.anaconda.com/pkgs/main/win-64/libxml2-2.9.14-h0ad7f3c_0.conda#bfa494184cf61d420eac5468c3ee6942
https://repo.anaconda.com/pkgs/main/win-64/python-3.8.15-h6244533_2.conda#313e3473cee002a5f93d11b11a852eff
https://repo.anaconda.com/pkgs/main/win-64/zeromq-4.3.4-hd77b12b_0.conda#7ff02321d5d388ddf94daa3300a015cf
https://repo.anaconda.com/pkgs/main/win-64/zstd-1.5.2-h19a0ad4_0.conda#6371201941d33e9ffb268c9e551fa1aa
https://repo.anaconda.com/pkgs/main/win-64/attrs-22.1.0-py38haa95532_0.conda#7cd846962aa186770f59be551d80652a
https://repo.anaconda.com/pkgs/main/noarch/backcall-0.2.0-pyhd3eb1b0_0.tar.bz2#b2aa5503875aba2f1d88cae9df9a96d5
https://repo.anaconda.com/pkgs/main/win-64/brotli-bin-1.0.9-h2bbff1b_7.conda#74d24f5287ae80bf0276946ea85c5eb7
https://repo.anaconda.com/pkgs/main/win-64/colorama-0.4.6-py38haa95532_0.conda#d38c4aae4c779f61cc74d6ce36d1e874
https://repo.anaconda.com/pkgs/main/noarch/cycler-0.11.0-pyhd3eb1b0_0.conda#f5e365d2cdb66d547eb8c3ab93843aab
https://repo.anaconda.com/pkgs/main/win-64/debugpy-1.5.1-py38hd77b12b_0.conda#c588d9a35028d188d2c892a1ded34bdc
https://repo.anaconda.com/pkgs/main/noarch/decorator-5.1.1-pyhd3eb1b0_0.conda#4d969aac32a0faf84af90c797bfc7fec
https://repo.anaconda.com/pkgs/main/noarch/defusedxml-0.7.1-pyhd3eb1b0_0.conda#d912068b0729930972adcaac338882c0
https://repo.anaconda.com/pkgs/main/win-64/entrypoints-0.4-py38haa95532_0.conda#98aea72a060f76c708e2f8f21e48e3ca
https://repo.anaconda.com/pkgs/main/noarch/executing-0.8.3-pyhd3eb1b0_0.conda#7be61d1c3c555fb37682b28d7a53d622
https://repo.anaconda.com/pkgs/main/noarch/flit-core-3.6.0-pyhd3eb1b0_0.conda#76802308ba7ec348cf0ca100cb133e67
https://repo.anaconda.com/pkgs/main/win-64/freetype-2.12.1-ha860e81_0.conda#357321d4bf52689c19d295b08059d7da
https://repo.anaconda.com/pkgs/main/win-64/gstreamer-1.18.5-hd78058f_0.conda#0dffb751da55a2b752db1782480003da
https://repo.anaconda.com/pkgs/main/win-64/idna-3.4-py38haa95532_0.conda#613f8e2a3f1773dc7881b740a05f699a
https://repo.anaconda.com/pkgs/main/noarch/ipython_genutils-0.2.0-pyhd3eb1b0_1.conda#553832c0b872a28088a0001fa2ba3822
https://repo.anaconda.com/pkgs/main/win-64/joblib-1.1.1-py38haa95532_0.conda#2025b99fcefdabb5ed69d2c0fc23d2be
https://repo.anaconda.com/pkgs/main/win-64/kiwisolver-1.4.4-py38hd77b12b_0.conda#e2b04a7f863542e7db01b04df0858824
https://repo.anaconda.com/pkgs/main/win-64/libtiff-4.4.0-h8a3f274_2.conda#843f6512b0995f60e01d2586b153b2d7
https://repo.anaconda.com/pkgs/main/win-64/libxslt-1.1.35-h2bbff1b_0.conda#92cd3716156877f56cead6a5761e03b1
https://repo.anaconda.com/pkgs/main/win-64/markupsafe-2.1.1-py38h2bbff1b_0.conda#7144357b0a6d0e9ee8047cc35e6dae52
https://repo.anaconda.com/pkgs/main/win-64/mistune-0.8.4-py38he774522_1000.conda#e0ef09cc83b9b52c8227139e83d14ecf
https://repo.anaconda.com/pkgs/main/noarch/munkres-1.1.4-py_0.conda#148362ba07f92abab76999a680c80084
https://repo.anaconda.com/pkgs/main/win-64/nest-asyncio-1.5.6-py38haa95532_0.conda#0bf957d72b3209cfa9fb23b2cfc93d79
https://repo.anaconda.com/pkgs/main/win-64/packaging-22.0-py38haa95532_0.conda#22f83b46db06abb1af4fc6738bd3934c
https://repo.anaconda.com/pkgs/main/noarch/pandocfilters-1.5.0-pyhd3eb1b0_0.conda#5547ced9e3bb4c513405998957b52c7b
https://repo.anaconda.com/pkgs/main/noarch/parso-0.8.3-pyhd3eb1b0_0.conda#c6f0f6219bf5ce2b510ef4b75cbc3e01
https://repo.anaconda.com/pkgs/main/noarch/pickleshare-0.7.5-pyhd3eb1b0_1003.conda#4a6363fd8dda664b95f99f7c5aa95abc
https://repo.anaconda.com/pkgs/main/win-64/pkgutil-resolve-name-1.3.10-py38haa95532_0.conda#db82ba8b7cb83a008834a1fb7c68b9a6
https://repo.anaconda.com/pkgs/main/win-64/platformdirs-2.5.2-py38haa95532_0.conda#a0ba03c9903bad0f407e5163fd40c29d
https://repo.anaconda.com/pkgs/main/win-64/ply-3.11-py38_0.conda#f0a42f60ebe310e1699b74fe8e02c70b
https://repo.anaconda.com/pkgs/main/win-64/prometheus_client-0.14.1-py38haa95532_0.conda#816cf99b5c557c4f02fffb9dd70c4030
https://repo.anaconda.com/pkgs/main/win-64/psutil-5.9.0-py38h2bbff1b_0.conda#2b96ff5bd63957ecaa9043c17cb37029
https://repo.anaconda.com/pkgs/main/noarch/pure_eval-0.2.2-pyhd3eb1b0_0.conda#a87d6d9827e5dff68d34d69971f8a9b1
https://repo.anaconda.com/pkgs/main/noarch/pycparser-2.21-pyhd3eb1b0_0.conda#135a72ff2a31150a3a3ff0b1edd41ca9
https://repo.anaconda.com/pkgs/main/noarch/pygments-2.11.2-pyhd3eb1b0_0.conda#eff55c770961f459a734cf86768aac98
https://repo.anaconda.com/pkgs/main/win-64/pyparsing-3.0.9-py38haa95532_0.conda#803df613159669613954f23b460e80b4
https://repo.anaconda.com/pkgs/main/win-64/pyrsistent-0.18.0-py38h196d8e1_0.conda#13450cfe74838bd9f0b16b9114fa1d0a
https://repo.anaconda.com/pkgs/main/win-64/python-fastjsonschema-2.16.2-py38haa95532_0.conda#8ee4aff1b2141bcd5cabab8dbfdf438f
https://repo.anaconda.com/pkgs/main/win-64/pytz-2022.7-py38haa95532_0.conda#6df1778a90d03ce3419b64ad5f0d6539
https://repo.anaconda.com/pkgs/main/win-64/pywin32-305-py38h2bbff1b_0.conda#0fd03e20d3e2cd1b3dc87ed89d29a383
https://repo.anaconda.com/pkgs/main/win-64/pywinpty-2.0.2-py38h5da7b33_0.conda#03f8e823201d0523ac2630cb55a0fa61
https://repo.anaconda.com/pkgs/main/win-64/pyzmq-23.2.0-py38hd77b12b_0.conda#49b744d0439bd2f755e2eb63ba9a1bbc
https://repo.anaconda.com/pkgs/main/noarch/send2trash-1.8.0-pyhd3eb1b0_1.conda#bfa3c5c61a5a91e528a1d2d1e3cae6c9
https://repo.anaconda.com/pkgs/main/noarch/six-1.16.0-pyhd3eb1b0_1.conda#34586824d411d36af2fa40e799c172d0
https://repo.anaconda.com/pkgs/main/win-64/sniffio-1.2.0-py38haa95532_1.conda#34e7e5645661a4e95058657bbca2b6cf
https://repo.anaconda.com/pkgs/main/win-64/soupsieve-2.3.2.post1-py38haa95532_0.conda#2c919eb313f25a54d40c531a41eebe5c
https://repo.anaconda.com/pkgs/main/noarch/threadpoolctl-2.2.0-pyh0d69192_0.conda#bbfdbae4934150b902f97daaf287efe2
https://repo.anaconda.com/pkgs/main/noarch/toml-0.10.2-pyhd3eb1b0_0.conda#cda05f5f6d8509529d1a2743288d197a
https://repo.anaconda.com/pkgs/main/win-64/tornado-6.2-py38h2bbff1b_0.conda#c12e54919a61bcd6cdc3c7d02e0e10c7
https://repo.anaconda.com/pkgs/main/win-64/traitlets-5.7.1-py38haa95532_0.conda#b9e03922ceb90885afa5bfc4924cbd89
https://repo.anaconda.com/pkgs/main/noarch/wcwidth-0.2.5-pyhd3eb1b0_0.conda#ffa649340272c3f6466ba01da254c3b0
https://repo.anaconda.com/pkgs/main/win-64/webencodings-0.5.1-py38_1.conda#da7c8f505b0c9449216211e3410eecd8
https://repo.anaconda.com/pkgs/main/win-64/zipp-3.11.0-py38haa95532_0.conda#3b2b375698f3596bb5555036c0ccadb5
https://repo.anaconda.com/pkgs/main/win-64/anyio-3.5.0-py38haa95532_0.conda#060a7d78d34416db41944727b5299de7
https://repo.anaconda.com/pkgs/main/noarch/asttokens-2.0.5-pyhd3eb1b0_0.conda#140486e2ce4f3931b44aa5f7ff8d88da
https://repo.anaconda.com/pkgs/main/win-64/beautifulsoup4-4.11.1-py38haa95532_0.conda#9f325dca1acf184f768909ec3eb76507
https://repo.anaconda.com/pkgs/main/noarch/bleach-4.1.0-pyhd3eb1b0_0.conda#256eb7e384e35f993ef8ccd6c4f45e58
https://repo.anaconda.com/pkgs/main/win-64/brotli-1.0.9-h2bbff1b_7.conda#530e60a827aca1e0cf120be815c10e0e
https://repo.anaconda.com/pkgs/main/win-64/cffi-1.15.1-py38h2bbff1b_3.conda#a47f2da85cb7ca8af09ad27e5153a2a4
https://repo.anaconda.com/pkgs/main/win-64/comm-0.1.2-py38haa95532_0.conda#f2f794fa6051445e664d22f1bd6d3fea
https://repo.anaconda.com/pkgs/main/win-64/gst-plugins-base-1.18.5-h9e645db_0.conda#ad867350766fa62e9123bcf91c96379b
https://repo.anaconda.com/pkgs/main/noarch/importlib_resources-5.2.0-pyhd3eb1b0_1.conda#3e7caf9dbd3b4771e9b951ffc7cdad80
https://repo.anaconda.com/pkgs/main/win-64/jedi-0.18.1-py38haa95532_1.conda#da6c5e73e40baeca64b9e02157187df2
https://repo.anaconda.com/pkgs/main/win-64/jinja2-3.1.2-py38haa95532_0.conda#88a5674883b45cdf3c4836a11e9900cc
https://repo.anaconda.com/pkgs/main/win-64/jupyter_core-5.1.1-py38haa95532_0.conda#98e4246d2fb5bf22526b213bb7799435
https://repo.anaconda.com/pkgs/main/noarch/jupyterlab_pygments-0.1.2-py_0.conda#af46aff4922ca45df6ba19b313df6070
https://repo.anaconda.com/pkgs/main/win-64/lxml-4.9.1-py38h1985fb9_0.conda#c0a0c1e3d5b4c6d6dfa26ef77a3dadc8
https://repo.anaconda.com/pkgs/main/win-64/matplotlib-inline-0.1.6-py38haa95532_0.conda#c19d3e5c9613ddcfea171088eeb32e63
https://repo.anaconda.com/pkgs/main/win-64/mkl-service-2.4.0-py38h2bbff1b_0.conda#e55294da36c42b24fc8f65f3a210a9b2
https://repo.anaconda.com/pkgs/main/win-64/pillow-9.3.0-py38hdc2b20a_1.conda#f5c2cf1aa0d5b9487114ea2d82830a9c
https://repo.anaconda.com/pkgs/main/win-64/prompt-toolkit-3.0.36-py38haa95532_0.conda#737cb5f90fdd06f495882ab3fa79eac8
https://repo.anaconda.com/pkgs/main/noarch/python-dateutil-2.8.2-pyhd3eb1b0_0.conda#211ee00320b08a1ac9fea6677649f6c9
https://repo.anaconda.com/pkgs/main/win-64/sip-6.6.2-py38hd77b12b_0.conda#77841febfe5c27c08edbbebf8e6f9533
https://repo.anaconda.com/pkgs/main/win-64/terminado-0.17.1-py38haa95532_0.conda#69d90ae2d2f499e91f2c1dbade3e6199
https://repo.anaconda.com/pkgs/main/win-64/tinycss2-1.2.1-py38haa95532_0.conda#aab6f9335f886e3a55110cd729148a0a
https://repo.anaconda.com/pkgs/main/win-64/typing_extensions-4.4.0-py38haa95532_0.conda#31825584c8dd8e0aada500850d72c862
https://repo.anaconda.com/pkgs/main/win-64/websocket-client-0.58.0-py38haa95532_4.conda#c2bef1e47433c5a5ac43ca984057f0d3
https://repo.anaconda.com/pkgs/main/win-64/argon2-cffi-bindings-21.2.0-py38h2bbff1b_0.conda#6e0ef4bc6adad384a09d97778b6bf1d8
https://repo.anaconda.com/pkgs/main/noarch/fonttools-4.25.0-pyhd3eb1b0_0.conda#bb9c5b5a6d892fca5efe4bf0203b6a48
https://repo.anaconda.com/pkgs/main/win-64/jsonschema-4.16.0-py38haa95532_0.conda#46ddbcc6802b502f23f224120de80474
https://repo.anaconda.com/pkgs/main/win-64/jupyter_client-7.4.8-py38haa95532_0.conda#653feb0fc1d5e78f1f675936de6aa613
https://repo.anaconda.com/pkgs/main/win-64/numpy-base-1.23.5-py38h4da318b_0.conda#372b4c71362d2310ba277fca5c563741
https://repo.anaconda.com/pkgs/main/win-64/pyqt5-sip-12.11.0-py38hd77b12b_0.conda#988a40226bf27525d3215cec251fdecd
https://repo.anaconda.com/pkgs/main/win-64/qt-main-5.15.2-he8e5bd7_7.conda#8f1aef4eec1929a284a0c2d564f6d5cf
https://repo.anaconda.com/pkgs/main/noarch/stack_data-0.2.0-pyhd3eb1b0_0.conda#6212968e73726f6da42e5ffcd2bea92d
https://repo.anaconda.com/pkgs/main/win-64/typing-extensions-4.4.0-py38haa95532_0.conda#ba9dddf3b78126d01b02fd3bf4b0e953
https://repo.anaconda.com/pkgs/main/noarch/argon2-cffi-21.3.0-pyhd3eb1b0_0.conda#f00b851bc61b4c313903d31c7daecb09
https://repo.anaconda.com/pkgs/main/win-64/ipython-8.7.0-py38haa95532_0.conda#be1e8d84298d95a338208bb730d1f48f
https://repo.anaconda.com/pkgs/main/win-64/nbformat-5.7.0-py38haa95532_0.conda#3863158d6f94820862d2548fc8a48f15
https://repo.anaconda.com/pkgs/main/win-64/qt-webengine-5.15.9-hb9a9bb5_4.conda#8887a0b379c31035d7eb96dd67003f32
https://repo.anaconda.com/pkgs/main/win-64/ipykernel-6.19.2-py38hd4e2768_0.conda#27eb0132cc65f3378106b1d234255943
https://repo.anaconda.com/pkgs/main/win-64/nbclient-0.5.13-py38haa95532_0.conda#de83a99de091274d8a89ddd63e85aefb
https://repo.anaconda.com/pkgs/main/win-64/qtwebkit-5.212-h3ad3cdb_4.conda#62af84f762a110b6791fe3707082e011
https://repo.anaconda.com/pkgs/main/win-64/nbconvert-6.5.4-py38haa95532_0.conda#9021fe338d453a8205241c113dab8dc3
https://repo.anaconda.com/pkgs/main/win-64/pyqt-5.15.7-py38hd77b12b_0.conda#7501194c3512b1f6c8e1655a7e0c0bb9
https://repo.anaconda.com/pkgs/main/win-64/jupyter_server-1.23.4-py38haa95532_0.conda#ca301268f530e35027d79e4211338e6e
https://repo.anaconda.com/pkgs/main/win-64/notebook-shim-0.2.2-py38haa95532_0.conda#8f770e5e3a988ab72933570c10e41efa
https://repo.anaconda.com/pkgs/main/win-64/nbclassic-0.4.8-py38haa95532_0.conda#69a397a0e49e11ef81b8d8d8ee7530f2
https://repo.anaconda.com/pkgs/main/win-64/notebook-6.5.2-py38haa95532_0.conda#84e93b212a2fecee8c863572f5d14dad
https://repo.anaconda.com/pkgs/main/win-64/bottleneck-1.3.5-py38h080aedc_0.conda#b3e4395cdbcde5056000da0f2c5df80b
https://repo.anaconda.com/pkgs/main/win-64/contourpy-1.0.5-py38h59b6b97_0.conda#e8f0552b9d1d072f2a8e652c209643c5
https://repo.anaconda.com/pkgs/main/win-64/matplotlib-3.6.2-py38haa95532_0.conda#37624c56882f09ecfdb7b9039c56f576
https://repo.anaconda.com/pkgs/main/win-64/matplotlib-base-3.6.2-py38h1094b8e_0.conda#589e2f6b5c2ccc662392f8ac8f8a7666
https://repo.anaconda.com/pkgs/main/win-64/mkl_fft-1.3.1-py38h277e83a_0.conda#29708eeb094a5bb09735985c76fd8af0
https://repo.anaconda.com/pkgs/main/win-64/mkl_random-1.2.2-py38hf11a4ad_0.conda#70ecc9000b0b2c08ebb965258702d9b2
https://repo.anaconda.com/pkgs/main/win-64/numpy-1.23.5-py38h3b20f71_0.conda#f546b0dd1e3154cf823a8a993122e113
https://repo.anaconda.com/pkgs/main/win-64/numexpr-2.8.4-py38h5b0cc5e_0.conda#b72635ed08da317dfb7c594c8a0bb173
https://repo.anaconda.com/pkgs/main/win-64/scipy-1.9.3-py38he11b74f_0.conda#41de13b7b5d04be22cdfd376e0237b45
https://repo.anaconda.com/pkgs/main/win-64/pandas-1.5.2-py38hf11a4ad_0.conda#72d1bab994f2d898c96966d2bdb7302f
https://repo.anaconda.com/pkgs/main/win-64/scikit-learn-1.1.3-py38hd77b12b_0.conda#3dfc0c414d5c0d4fea6d96f45b04f42b
https://repo.anaconda.com/pkgs/main/win-64/seaborn-0.12.1-py38haa95532_0.conda#65200eba8f38836207e190891e1bd62a
