# Generated by conda-lock.
# platform: win-64
# input_hash: fd57082e0365c2cc899245b2f58b3af36e26229c148dc6ef81eeb7dd8c34b456
@EXPLICIT
https://repo.anaconda.com/pkgs/main/win-64/blas-1.0-mkl.conda#29c8be9152b7cbf29578794154d2408f
https://repo.anaconda.com/pkgs/main/win-64/ca-certificates-2022.3.29-haa95532_1.conda#f7c565370c77c743bb833d73fa5013f1
https://repo.anaconda.com/pkgs/main/win-64/icc_rt-2019.0.0-h0cc432a_1.conda#405bdc839505f7a9657648ab1bb98c0b
https://repo.anaconda.com/pkgs/main/win-64/intel-openmp-2021.4.0-haa95532_3556.conda#fbc89913479fe20e07cde87c82e5147b
https://repo.anaconda.com/pkgs/main/win-64/vs2015_runtime-14.27.29016-h5e58377_2.conda#9e3f8ea1096e174541ac86f5fc73fc3d
https://repo.anaconda.com/pkgs/main/win-64/winpty-0.4.3-4.conda#5827d9fb8df41153ddc2a2915934c966
https://repo.anaconda.com/pkgs/main/win-64/mkl-2021.4.0-haa95532_640.conda#f7802e70a203f51ac4898309d4ed4115
https://repo.anaconda.com/pkgs/main/win-64/vc-14.2-h21ff451_1.conda#a8c870bfc2551c262800527f2107d0f3
https://repo.anaconda.com/pkgs/main/win-64/brotli-1.0.9-ha925a31_2.conda#5c26a5be67135c6b85220c50856325d3
https://repo.anaconda.com/pkgs/main/win-64/icu-58.2-ha925a31_3.conda#f6654b7569b42712970bedd22781eb70
https://repo.anaconda.com/pkgs/main/win-64/jpeg-9d-h2bbff1b_0.conda#fe154e749d01c60cc00cf18be260da44
https://repo.anaconda.com/pkgs/main/win-64/libwebp-1.2.2-h2bbff1b_0.conda#53a478ec3157601a1895af04150feaa8
https://repo.anaconda.com/pkgs/main/win-64/lz4-c-1.9.3-h2bbff1b_1.conda#cf7c6bb588065c2d0eb00fa53e2420bf
https://repo.anaconda.com/pkgs/main/win-64/openssl-1.1.1n-h2bbff1b_0.conda#2aa5099fa65acb00b8fcbc6580aeddfb
https://repo.anaconda.com/pkgs/main/win-64/sqlite-3.38.2-h2bbff1b_0.conda#572a03b5b9ea3517d63d50cf3ac5677a
https://repo.anaconda.com/pkgs/main/win-64/tk-8.6.11-h2bbff1b_0.conda#2069e3057a3cd2ec75a838e3732c68c6
https://repo.anaconda.com/pkgs/main/win-64/xz-5.2.5-h62dcd97_0.conda#31fb0218c036a3afd2e0fa7f5081606d
https://repo.anaconda.com/pkgs/main/win-64/zlib-1.2.12-h8cc25b3_2.conda#88663cb4d95bccba0430b75ee5ad64fb
https://repo.anaconda.com/pkgs/main/win-64/libpng-1.6.37-h2a8f88b_0.conda#d99c2cf18a0d5a65e8f2928fa4ddbee4
https://repo.anaconda.com/pkgs/main/win-64/python-3.8.13-h6244533_0.conda#27d91fb5d16e0b0e0dab7da96c36cf33
https://repo.anaconda.com/pkgs/main/win-64/zstd-1.4.9-h19a0ad4_0.conda#136a350e635220a7ae455c32f4833176
https://repo.anaconda.com/pkgs/main/noarch/attrs-21.4.0-pyhd3eb1b0_0.conda#3bc977a57587a7964921e3e1e2e31f9e
https://repo.anaconda.com/pkgs/main/noarch/backcall-0.2.0-pyhd3eb1b0_0.tar.bz2#b2aa5503875aba2f1d88cae9df9a96d5
https://repo.anaconda.com/pkgs/main/win-64/certifi-2021.10.8-py38haa95532_2.conda#74f2e1aa437fdb0c5147e8f00ed73178
https://repo.anaconda.com/pkgs/main/noarch/colorama-0.4.4-pyhd3eb1b0_0.conda#f550604d18b83878f647a491b2b343d6
https://repo.anaconda.com/pkgs/main/noarch/cycler-0.11.0-pyhd3eb1b0_0.conda#f5e365d2cdb66d547eb8c3ab93843aab
https://repo.anaconda.com/pkgs/main/win-64/debugpy-1.5.1-py38hd77b12b_0.conda#c588d9a35028d188d2c892a1ded34bdc
https://repo.anaconda.com/pkgs/main/noarch/decorator-5.1.1-pyhd3eb1b0_0.conda#4d969aac32a0faf84af90c797bfc7fec
https://repo.anaconda.com/pkgs/main/noarch/defusedxml-0.7.1-pyhd3eb1b0_0.conda#d912068b0729930972adcaac338882c0
https://repo.anaconda.com/pkgs/main/win-64/entrypoints-0.4-py38haa95532_0.conda#98aea72a060f76c708e2f8f21e48e3ca
https://repo.anaconda.com/pkgs/main/noarch/executing-0.8.3-pyhd3eb1b0_0.conda#7be61d1c3c555fb37682b28d7a53d622
https://repo.anaconda.com/pkgs/main/win-64/freetype-2.10.4-hd328e21_0.conda#5b266f9687bcae8948180cccfba20cc9
https://repo.anaconda.com/pkgs/main/noarch/ipython_genutils-0.2.0-pyhd3eb1b0_1.conda#553832c0b872a28088a0001fa2ba3822
https://repo.anaconda.com/pkgs/main/noarch/joblib-1.1.0-pyhd3eb1b0_0.conda#cae25b839f3b24686e683addde01b742
https://repo.anaconda.com/pkgs/main/win-64/kiwisolver-1.3.2-py38hd77b12b_0.conda#a29c96a29c660d24ab340deb3cea6f1e
https://repo.anaconda.com/pkgs/main/win-64/libtiff-4.2.0-hd0e1b90_0.conda#6c9d1b1f95677e84ce9edde1cc8dd876
https://repo.anaconda.com/pkgs/main/win-64/markupsafe-2.0.1-py38h2bbff1b_0.conda#d95ced0d071885d96ae55fa196b82e74
https://repo.anaconda.com/pkgs/main/win-64/mistune-0.8.4-py38he774522_1000.conda#e0ef09cc83b9b52c8227139e83d14ecf
https://repo.anaconda.com/pkgs/main/noarch/munkres-1.1.4-py_0.conda#148362ba07f92abab76999a680c80084
https://repo.anaconda.com/pkgs/main/win-64/nest-asyncio-1.5.5-py38haa95532_0.conda#000731397af8706e4f68ef376dcb7c3a
https://repo.anaconda.com/pkgs/main/noarch/pandocfilters-1.5.0-pyhd3eb1b0_0.conda#5547ced9e3bb4c513405998957b52c7b
https://repo.anaconda.com/pkgs/main/noarch/parso-0.8.3-pyhd3eb1b0_0.conda#c6f0f6219bf5ce2b510ef4b75cbc3e01
https://repo.anaconda.com/pkgs/main/noarch/pickleshare-0.7.5-pyhd3eb1b0_1003.conda#4a6363fd8dda664b95f99f7c5aa95abc
https://repo.anaconda.com/pkgs/main/noarch/prometheus_client-0.13.1-pyhd3eb1b0_0.conda#05275f89084c4ce7f9b0bc1e258b3e9e
https://repo.anaconda.com/pkgs/main/noarch/pure_eval-0.2.2-pyhd3eb1b0_0.conda#a87d6d9827e5dff68d34d69971f8a9b1
https://repo.anaconda.com/pkgs/main/noarch/pycparser-2.21-pyhd3eb1b0_0.conda#135a72ff2a31150a3a3ff0b1edd41ca9
https://repo.anaconda.com/pkgs/main/noarch/pygments-2.11.2-pyhd3eb1b0_0.conda#eff55c770961f459a734cf86768aac98
https://repo.anaconda.com/pkgs/main/noarch/pyparsing-3.0.4-pyhd3eb1b0_0.conda#6bca2ae9c9aae9ccdebcb8cf2aa87cb3
https://repo.anaconda.com/pkgs/main/win-64/pyrsistent-0.18.0-py38h196d8e1_0.conda#13450cfe74838bd9f0b16b9114fa1d0a
https://repo.anaconda.com/pkgs/main/noarch/python-fastjsonschema-2.15.1-pyhd3eb1b0_0.conda#ad1b2f7b33a45d0d68979ca2ad84b6a9
https://repo.anaconda.com/pkgs/main/noarch/pytz-2021.3-pyhd3eb1b0_0.conda#76415b791ffd2007687ac5f0665aa7af
https://repo.anaconda.com/pkgs/main/win-64/pywin32-302-py38h2bbff1b_2.conda#371e2686fd8bcc13e017bf1a4042cd27
https://repo.anaconda.com/pkgs/main/win-64/pywinpty-2.0.2-py38h5da7b33_0.conda#03f8e823201d0523ac2630cb55a0fa61
https://repo.anaconda.com/pkgs/main/win-64/pyzmq-22.3.0-py38hd77b12b_2.conda#f2565917bb6c8dc9d54bee67166a410d
https://repo.anaconda.com/pkgs/main/win-64/qt-5.9.7-vc14h73c81de_0.conda#7e75d685060b82518c5a5320c2923c12
https://repo.anaconda.com/pkgs/main/noarch/send2trash-1.8.0-pyhd3eb1b0_1.conda#bfa3c5c61a5a91e528a1d2d1e3cae6c9
https://repo.anaconda.com/pkgs/main/win-64/sip-4.19.13-py38hd77b12b_0.conda#fccc9682c5b354b73997ddfc8ce2014f
https://repo.anaconda.com/pkgs/main/noarch/six-1.16.0-pyhd3eb1b0_1.conda#34586824d411d36af2fa40e799c172d0
https://repo.anaconda.com/pkgs/main/noarch/soupsieve-2.3.1-pyhd3eb1b0_0.conda#4794d40136a3432a241ff1454d2ac99c
https://repo.anaconda.com/pkgs/main/noarch/testpath-0.5.0-pyhd3eb1b0_0.conda#bd2a5c664c982e8637ae17b1662bd9a4
https://repo.anaconda.com/pkgs/main/noarch/threadpoolctl-2.2.0-pyh0d69192_0.conda#bbfdbae4934150b902f97daaf287efe2
https://repo.anaconda.com/pkgs/main/win-64/tornado-6.1-py38h2bbff1b_0.conda#a648fa1b4fbbcb01af37ecd337836c37
https://repo.anaconda.com/pkgs/main/noarch/traitlets-5.1.1-pyhd3eb1b0_0.conda#675f60e84f695e63749b09f9ed464eda
https://repo.anaconda.com/pkgs/main/noarch/typing_extensions-4.1.1-pyh06a4308_0.conda#8d4303f11560fe9621c962e87cf64d27
https://repo.anaconda.com/pkgs/main/noarch/wcwidth-0.2.5-pyhd3eb1b0_0.conda#ffa649340272c3f6466ba01da254c3b0
https://repo.anaconda.com/pkgs/main/win-64/webencodings-0.5.1-py38_1.conda#da7c8f505b0c9449216211e3410eecd8
https://repo.anaconda.com/pkgs/main/win-64/wincertstore-0.2-py38haa95532_2.conda#4b57c7971032ee4f4af19408b133ee16
https://repo.anaconda.com/pkgs/main/noarch/zipp-3.7.0-pyhd3eb1b0_0.conda#2ca2fb4e2d7eda52b0b16f4431d66b64
https://repo.anaconda.com/pkgs/main/noarch/asttokens-2.0.5-pyhd3eb1b0_0.conda#140486e2ce4f3931b44aa5f7ff8d88da
https://repo.anaconda.com/pkgs/main/win-64/beautifulsoup4-4.11.1-py38haa95532_0.conda#9f325dca1acf184f768909ec3eb76507
https://repo.anaconda.com/pkgs/main/win-64/cffi-1.15.0-py38h2bbff1b_1.conda#cfd1cbbac2a70587911789a3b7bff269
https://repo.anaconda.com/pkgs/main/noarch/fonttools-4.25.0-pyhd3eb1b0_0.conda#bb9c5b5a6d892fca5efe4bf0203b6a48
https://repo.anaconda.com/pkgs/main/noarch/importlib_resources-5.2.0-pyhd3eb1b0_1.conda#3e7caf9dbd3b4771e9b951ffc7cdad80
https://repo.anaconda.com/pkgs/main/win-64/jedi-0.18.1-py38haa95532_1.conda#da6c5e73e40baeca64b9e02157187df2
https://repo.anaconda.com/pkgs/main/noarch/jinja2-3.0.3-pyhd3eb1b0_0.conda#a5b0429ead9704cd1ad0b044c97e728f
https://repo.anaconda.com/pkgs/main/win-64/jupyter_core-4.9.2-py38haa95532_0.conda#abddaf254820ad822215fac10d638a15
https://repo.anaconda.com/pkgs/main/noarch/jupyterlab_pygments-0.1.2-py_0.conda#af46aff4922ca45df6ba19b313df6070
https://repo.anaconda.com/pkgs/main/noarch/matplotlib-inline-0.1.2-pyhd3eb1b0_2.conda#47e865f8b884de7c5d516349e83457a7
https://repo.anaconda.com/pkgs/main/win-64/mkl-service-2.4.0-py38h2bbff1b_0.conda#e55294da36c42b24fc8f65f3a210a9b2
https://repo.anaconda.com/pkgs/main/noarch/packaging-21.3-pyhd3eb1b0_0.conda#07bbfbb961db7fa329cc42716943ea62
https://repo.anaconda.com/pkgs/main/win-64/pillow-9.0.1-py38hdc2b20a_0.conda#10d769ba747d4a1d897d7e820e77b8c5
https://repo.anaconda.com/pkgs/main/noarch/prompt-toolkit-3.0.20-pyhd3eb1b0_0.conda#19fa1fa6a03645e39e7dce3bdbe9d72f
https://repo.anaconda.com/pkgs/main/win-64/pyqt-5.9.2-py38hd77b12b_6.conda#7b722ec0bb9715f3ad9834004c5d4ff1
https://repo.anaconda.com/pkgs/main/noarch/python-dateutil-2.8.2-pyhd3eb1b0_0.conda#211ee00320b08a1ac9fea6677649f6c9
https://repo.anaconda.com/pkgs/main/win-64/setuptools-61.2.0-py38haa95532_0.conda#f8d2f9a2ecc2ea92de2e9880730ae5fa
https://repo.anaconda.com/pkgs/main/win-64/terminado-0.13.1-py38haa95532_0.conda#b853e5974ed22686db347b9502c202a1
https://repo.anaconda.com/pkgs/main/noarch/typing-extensions-4.1.1-hd3eb1b0_0.conda#0b535dfd0618653dd772c78c9c2b56a8
https://repo.anaconda.com/pkgs/main/win-64/argon2-cffi-bindings-21.2.0-py38h2bbff1b_0.conda#6e0ef4bc6adad384a09d97778b6bf1d8
https://repo.anaconda.com/pkgs/main/noarch/bleach-4.1.0-pyhd3eb1b0_0.conda#256eb7e384e35f993ef8ccd6c4f45e58
https://repo.anaconda.com/pkgs/main/win-64/jsonschema-4.4.0-py38haa95532_0.conda#8919e4026b5e50b0c67f918d5184ca12
https://repo.anaconda.com/pkgs/main/win-64/jupyter_client-7.2.2-py38haa95532_0.conda#89003d8118fea79d460bec08f51c0fcb
https://repo.anaconda.com/pkgs/main/win-64/numpy-base-1.21.5-py38hca35cd5_1.conda#15f082eb5fbce09640c74195c1af9a45
https://repo.anaconda.com/pkgs/main/noarch/stack_data-0.2.0-pyhd3eb1b0_0.conda#6212968e73726f6da42e5ffcd2bea92d
https://repo.anaconda.com/pkgs/main/noarch/argon2-cffi-21.3.0-pyhd3eb1b0_0.conda#f00b851bc61b4c313903d31c7daecb09
https://repo.anaconda.com/pkgs/main/win-64/ipython-8.2.0-py38haa95532_0.conda#5371b607cbdfdc36c23977ac9b6f1526
https://repo.anaconda.com/pkgs/main/win-64/nbformat-5.3.0-py38haa95532_0.conda#e41e3adf5eadbe6de6c928cc1450ca7e
https://repo.anaconda.com/pkgs/main/win-64/ipykernel-6.9.1-py38haa95532_0.conda#9e2fc1f323cfab2c9c800544b0522f3a
https://repo.anaconda.com/pkgs/main/win-64/nbclient-0.5.13-py38haa95532_0.conda#de83a99de091274d8a89ddd63e85aefb
https://repo.anaconda.com/pkgs/main/win-64/nbconvert-6.4.4-py38haa95532_0.conda#4434f90b72139e964e559cd677344666
https://repo.anaconda.com/pkgs/main/win-64/notebook-6.4.8-py38haa95532_0.conda#42ca08f61e71961f739fc4f0317a665c
https://repo.anaconda.com/pkgs/main/win-64/bottleneck-1.3.4-py38h080aedc_0.conda#ba7192a27f1144c905e368dd25077c0e
https://repo.anaconda.com/pkgs/main/win-64/matplotlib-3.5.1-py38haa95532_1.conda#b341b7f55c39d1c4ee6f0218709b3225
https://repo.anaconda.com/pkgs/main/win-64/matplotlib-base-3.5.1-py38hd77b12b_1.conda#3f562fe7c83de30ef13f1ff7b7ed7230
https://repo.anaconda.com/pkgs/main/win-64/mkl_fft-1.3.1-py38h277e83a_0.conda#29708eeb094a5bb09735985c76fd8af0
https://repo.anaconda.com/pkgs/main/win-64/mkl_random-1.2.2-py38hf11a4ad_0.conda#70ecc9000b0b2c08ebb965258702d9b2
https://repo.anaconda.com/pkgs/main/win-64/numpy-1.21.5-py38h7a0a035_1.conda#882d97f21875a8ccdd78caf48fd68d21
https://repo.anaconda.com/pkgs/main/win-64/numexpr-2.8.1-py38hb80d3ca_0.conda#40aae5b9b8128a4233904b4c9a47615f
https://repo.anaconda.com/pkgs/main/win-64/scipy-1.7.3-py38h0a974cb_0.conda#d5734067fa209a82d6a53da5314a236e
https://repo.anaconda.com/pkgs/main/win-64/pandas-1.4.2-py38hd77b12b_0.conda#17e81733572ff2d3f78aa0023e15dd37
https://repo.anaconda.com/pkgs/main/win-64/scikit-learn-1.0.2-py38hf11a4ad_1.conda#eb202a829c563b29fd3e1e5f15902c30
https://repo.anaconda.com/pkgs/main/noarch/seaborn-0.11.2-pyhd3eb1b0_0.conda#36b64fb4e3b76ded59d6388c9582de69
